// !$*UTF8*$!
{
	archiveVersion = 1;
	classes = {
	};
	objectVersion = 46;
	objects = {

/* Begin PBXBuildFile section */
		1AC6FB21180E996B004C840B /* libcocos2d Mac.a in Frameworks */ = {isa = PBXBuildFile; fileRef = 1AC6FAF9180E9839004C840B /* libcocos2d Mac.a */; };
		1AC6FB30180E99EB004C840B /* libcocos2d iOS.a in Frameworks */ = {isa = PBXBuildFile; fileRef = 1AC6FB07180E9839004C840B /* libcocos2d iOS.a */; };
		1D60589F0D05DD5A006BFB54 /* Foundation.framework in Frameworks */ = {isa = PBXBuildFile; fileRef = 1D30AB110D05D00D00671497 /* Foundation.framework */; };
		1DF5F4E00D08C38300B7A737 /* UIKit.framework in Frameworks */ = {isa = PBXBuildFile; fileRef = 1DF5F4DF0D08C38300B7A737 /* UIKit.framework */; };
		288765A50DF7441C002DB57D /* CoreGraphics.framework in Frameworks */ = {isa = PBXBuildFile; fileRef = 288765A40DF7441C002DB57D /* CoreGraphics.framework */; };
		46880B8819C43A87006E1F66 /* AppDelegate.cpp in Sources */ = {isa = PBXBuildFile; fileRef = 46880B8419C43A87006E1F66 /* AppDelegate.cpp */; };
		46880B8919C43A87006E1F66 /* AppDelegate.cpp in Sources */ = {isa = PBXBuildFile; fileRef = 46880B8419C43A87006E1F66 /* AppDelegate.cpp */; };
		503AE0F817EB97AB00D1A890 /* Icon.icns in Resources */ = {isa = PBXBuildFile; fileRef = 503AE0F617EB97AB00D1A890 /* Icon.icns */; };
		503AE10017EB989F00D1A890 /* AppController.mm in Sources */ = {isa = PBXBuildFile; fileRef = 503AE0FB17EB989F00D1A890 /* AppController.mm */; };
		503AE10117EB989F00D1A890 /* main.m in Sources */ = {isa = PBXBuildFile; fileRef = 503AE0FC17EB989F00D1A890 /* main.m */; };
		503AE10217EB989F00D1A890 /* RootViewController.mm in Sources */ = {isa = PBXBuildFile; fileRef = 503AE0FF17EB989F00D1A890 /* RootViewController.mm */; };
		503AE10517EB98FF00D1A890 /* main.cpp in Sources */ = {isa = PBXBuildFile; fileRef = 503AE10317EB98FF00D1A890 /* main.cpp */; };
		503AE11217EB99EE00D1A890 /* libcurl.dylib in Frameworks */ = {isa = PBXBuildFile; fileRef = 503AE11117EB99EE00D1A890 /* libcurl.dylib */; };
		503AE11B17EB9C5A00D1A890 /* IOKit.framework in Frameworks */ = {isa = PBXBuildFile; fileRef = 503AE11A17EB9C5A00D1A890 /* IOKit.framework */; };
		5087E76317EB910900C73F5D /* Foundation.framework in Frameworks */ = {isa = PBXBuildFile; fileRef = 1D30AB110D05D00D00671497 /* Foundation.framework */; };
		5087E76717EB910900C73F5D /* libz.dylib in Frameworks */ = {isa = PBXBuildFile; fileRef = BF170DB412928DE900B8313A /* libz.dylib */; };
		5087E76817EB910900C73F5D /* QuartzCore.framework in Frameworks */ = {isa = PBXBuildFile; fileRef = BF1C47EA1293683800B63C5D /* QuartzCore.framework */; };
		5087E76917EB910900C73F5D /* OpenAL.framework in Frameworks */ = {isa = PBXBuildFile; fileRef = D44C620B132DFF330009C878 /* OpenAL.framework */; };
		5087E76A17EB910900C73F5D /* AVFoundation.framework in Frameworks */ = {isa = PBXBuildFile; fileRef = D44C620D132DFF430009C878 /* AVFoundation.framework */; };
		5087E76B17EB910900C73F5D /* AudioToolbox.framework in Frameworks */ = {isa = PBXBuildFile; fileRef = D44C620F132DFF4E0009C878 /* AudioToolbox.framework */; };
		5087E77D17EB970100C73F5D /* Default-568h@2x.png in Resources */ = {isa = PBXBuildFile; fileRef = 5087E77217EB970100C73F5D /* Default-568h@2x.png */; };
		5087E77E17EB970100C73F5D /* Default.png in Resources */ = {isa = PBXBuildFile; fileRef = 5087E77317EB970100C73F5D /* Default.png */; };
		5087E77F17EB970100C73F5D /* Default@2x.png in Resources */ = {isa = PBXBuildFile; fileRef = 5087E77417EB970100C73F5D /* Default@2x.png */; };
		5087E78017EB970100C73F5D /* Icon-114.png in Resources */ = {isa = PBXBuildFile; fileRef = 5087E77517EB970100C73F5D /* Icon-114.png */; };
		5087E78117EB970100C73F5D /* Icon-120.png in Resources */ = {isa = PBXBuildFile; fileRef = 5087E77617EB970100C73F5D /* Icon-120.png */; };
		5087E78217EB970100C73F5D /* Icon-144.png in Resources */ = {isa = PBXBuildFile; fileRef = 5087E77717EB970100C73F5D /* Icon-144.png */; };
		5087E78317EB970100C73F5D /* Icon-152.png in Resources */ = {isa = PBXBuildFile; fileRef = 5087E77817EB970100C73F5D /* Icon-152.png */; };
		5087E78417EB970100C73F5D /* Icon-57.png in Resources */ = {isa = PBXBuildFile; fileRef = 5087E77917EB970100C73F5D /* Icon-57.png */; };
		5087E78517EB970100C73F5D /* Icon-72.png in Resources */ = {isa = PBXBuildFile; fileRef = 5087E77A17EB970100C73F5D /* Icon-72.png */; };
		5087E78617EB970100C73F5D /* Icon-76.png in Resources */ = {isa = PBXBuildFile; fileRef = 5087E77B17EB970100C73F5D /* Icon-76.png */; };
		5087E78917EB974C00C73F5D /* AppKit.framework in Frameworks */ = {isa = PBXBuildFile; fileRef = 5087E78817EB974C00C73F5D /* AppKit.framework */; };
		5087E78B17EB975400C73F5D /* OpenGL.framework in Frameworks */ = {isa = PBXBuildFile; fileRef = 5087E78A17EB975400C73F5D /* OpenGL.framework */; };
		50EF629617ECD46A001EB2F8 /* Icon-40.png in Resources */ = {isa = PBXBuildFile; fileRef = 50EF629217ECD46A001EB2F8 /* Icon-40.png */; };
		50EF629717ECD46A001EB2F8 /* Icon-58.png in Resources */ = {isa = PBXBuildFile; fileRef = 50EF629317ECD46A001EB2F8 /* Icon-58.png */; };
		50EF629817ECD46A001EB2F8 /* Icon-80.png in Resources */ = {isa = PBXBuildFile; fileRef = 50EF629417ECD46A001EB2F8 /* Icon-80.png */; };
		50EF629917ECD46A001EB2F8 /* Icon-100.png in Resources */ = {isa = PBXBuildFile; fileRef = 50EF629517ECD46A001EB2F8 /* Icon-100.png */; };
		50EF62A217ECD613001EB2F8 /* Icon-29.png in Resources */ = {isa = PBXBuildFile; fileRef = 50EF62A017ECD613001EB2F8 /* Icon-29.png */; };
		50EF62A317ECD613001EB2F8 /* Icon-50.png in Resources */ = {isa = PBXBuildFile; fileRef = 50EF62A117ECD613001EB2F8 /* Icon-50.png */; };
		521A8E6419F0C34300D177D7 /* Default-667h@2x.png in Resources */ = {isa = PBXBuildFile; fileRef = 521A8E6219F0C34300D177D7 /* Default-667h@2x.png */; };
		521A8E6519F0C34300D177D7 /* Default-736h@3x.png in Resources */ = {isa = PBXBuildFile; fileRef = 521A8E6319F0C34300D177D7 /* Default-736h@3x.png */; };
		7B26C2B61A5D7316002872CD /* down_Button.png in Resources */ = {isa = PBXBuildFile; fileRef = 7B26C2B21A5D7316002872CD /* down_Button.png */; };
		7B26C2B71A5D7316002872CD /* left_Button.png in Resources */ = {isa = PBXBuildFile; fileRef = 7B26C2B31A5D7316002872CD /* left_Button.png */; };
		7B26C2B81A5D7316002872CD /* right_Button.png in Resources */ = {isa = PBXBuildFile; fileRef = 7B26C2B41A5D7316002872CD /* right_Button.png */; };
		7B26C2B91A5D7316002872CD /* up_Button.png in Resources */ = {isa = PBXBuildFile; fileRef = 7B26C2B51A5D7316002872CD /* up_Button.png */; };
		7B26C2BA1A5D77C7002872CD /* down_Button.png in Resources */ = {isa = PBXBuildFile; fileRef = 7B26C2B21A5D7316002872CD /* down_Button.png */; };
		7B26C2BB1A5D77CA002872CD /* left_Button.png in Resources */ = {isa = PBXBuildFile; fileRef = 7B26C2B31A5D7316002872CD /* left_Button.png */; };
		7B26C2BC1A5D77CC002872CD /* right_Button.png in Resources */ = {isa = PBXBuildFile; fileRef = 7B26C2B41A5D7316002872CD /* right_Button.png */; };
		7B26C2BD1A5D77CF002872CD /* up_Button.png in Resources */ = {isa = PBXBuildFile; fileRef = 7B26C2B51A5D7316002872CD /* up_Button.png */; };
		7B3F6F751A4B091800190D2E /* CollisionLayer.cpp in Sources */ = {isa = PBXBuildFile; fileRef = 7B3F6F691A4B091800190D2E /* CollisionLayer.cpp */; };
		7B3F6F761A4B091800190D2E /* CollisionLayer.cpp in Sources */ = {isa = PBXBuildFile; fileRef = 7B3F6F691A4B091800190D2E /* CollisionLayer.cpp */; };
		7B3F6F771A4B091800190D2E /* ColorLayer.cpp in Sources */ = {isa = PBXBuildFile; fileRef = 7B3F6F6B1A4B091800190D2E /* ColorLayer.cpp */; };
		7B3F6F781A4B091800190D2E /* ColorLayer.cpp in Sources */ = {isa = PBXBuildFile; fileRef = 7B3F6F6B1A4B091800190D2E /* ColorLayer.cpp */; };
		7B3F6F791A4B091800190D2E /* TetrisData.cpp in Sources */ = {isa = PBXBuildFile; fileRef = 7B3F6F6D1A4B091800190D2E /* TetrisData.cpp */; };
		7B3F6F7A1A4B091800190D2E /* TetrisData.cpp in Sources */ = {isa = PBXBuildFile; fileRef = 7B3F6F6D1A4B091800190D2E /* TetrisData.cpp */; };
		7B3F6F7B1A4B091800190D2E /* TetrisField.cpp in Sources */ = {isa = PBXBuildFile; fileRef = 7B3F6F6F1A4B091800190D2E /* TetrisField.cpp */; };
		7B3F6F7C1A4B091800190D2E /* TetrisField.cpp in Sources */ = {isa = PBXBuildFile; fileRef = 7B3F6F6F1A4B091800190D2E /* TetrisField.cpp */; };
		7B3F6F7D1A4B091800190D2E /* TetrisPiece.cpp in Sources */ = {isa = PBXBuildFile; fileRef = 7B3F6F711A4B091800190D2E /* TetrisPiece.cpp */; };
		7B3F6F7E1A4B091800190D2E /* TetrisPiece.cpp in Sources */ = {isa = PBXBuildFile; fileRef = 7B3F6F711A4B091800190D2E /* TetrisPiece.cpp */; };
		7B3F6F7F1A4B091800190D2E /* Timer.cpp in Sources */ = {isa = PBXBuildFile; fileRef = 7B3F6F731A4B091800190D2E /* Timer.cpp */; };
		7B3F6F801A4B091800190D2E /* Timer.cpp in Sources */ = {isa = PBXBuildFile; fileRef = 7B3F6F731A4B091800190D2E /* Timer.cpp */; };
		7BBB9BEA1A49D0C00097CFEB /* coloredbox1.png in Resources */ = {isa = PBXBuildFile; fileRef = 7BBB9BE91A49D0C00097CFEB /* coloredbox1.png */; };
		7BBB9BEB1A49D0C00097CFEB /* coloredbox1.png in Resources */ = {isa = PBXBuildFile; fileRef = 7BBB9BE91A49D0C00097CFEB /* coloredbox1.png */; };
		7BBB9BEE1A49D6D30097CFEB /* Bluebox_1.png in Resources */ = {isa = PBXBuildFile; fileRef = 7BBB9BED1A49D6D30097CFEB /* Bluebox_1.png */; };
		7BBB9BEF1A49D6D30097CFEB /* Bluebox_1.png in Resources */ = {isa = PBXBuildFile; fileRef = 7BBB9BED1A49D6D30097CFEB /* Bluebox_1.png */; };
		7BD72EEB1A387C2600C0862B /* DrawMap.cpp in Sources */ = {isa = PBXBuildFile; fileRef = 7BD72EE91A387C2600C0862B /* DrawMap.cpp */; };
		7BD72EEC1A387C2600C0862B /* DrawMap.cpp in Sources */ = {isa = PBXBuildFile; fileRef = 7BD72EE91A387C2600C0862B /* DrawMap.cpp */; };
		7BD72F351A3B4C9900C0862B /* background.png in Resources */ = {isa = PBXBuildFile; fileRef = 7BD72EFA1A3B4C9900C0862B /* background.png */; };
		7BD72F361A3B4C9900C0862B /* background.png in Resources */ = {isa = PBXBuildFile; fileRef = 7BD72EFA1A3B4C9900C0862B /* background.png */; };
		7BD72F371A3B4C9900C0862B /* background.png in Resources */ = {isa = PBXBuildFile; fileRef = 7BD72EFC1A3B4C9900C0862B /* background.png */; };
		7BD72F381A3B4C9900C0862B /* background.png in Resources */ = {isa = PBXBuildFile; fileRef = 7BD72EFC1A3B4C9900C0862B /* background.png */; };
		7BD72F391A3B4C9900C0862B /* Bluebox.png in Resources */ = {isa = PBXBuildFile; fileRef = 7BD72EFD1A3B4C9900C0862B /* Bluebox.png */; };
		7BD72F3A1A3B4C9900C0862B /* Bluebox.png in Resources */ = {isa = PBXBuildFile; fileRef = 7BD72EFD1A3B4C9900C0862B /* Bluebox.png */; };
		7BD72F3B1A3B4C9900C0862B /* Graybox.png in Resources */ = {isa = PBXBuildFile; fileRef = 7BD72EFE1A3B4C9900C0862B /* Graybox.png */; };
		7BD72F3C1A3B4C9900C0862B /* Graybox.png in Resources */ = {isa = PBXBuildFile; fileRef = 7BD72EFE1A3B4C9900C0862B /* Graybox.png */; };
		7BD72F3D1A3B4C9900C0862B /* Orangebox.png in Resources */ = {isa = PBXBuildFile; fileRef = 7BD72EFF1A3B4C9900C0862B /* Orangebox.png */; };
		7BD72F3E1A3B4C9900C0862B /* Orangebox.png in Resources */ = {isa = PBXBuildFile; fileRef = 7BD72EFF1A3B4C9900C0862B /* Orangebox.png */; };
		7BD72F3F1A3B4C9900C0862B /* Purplebox.png in Resources */ = {isa = PBXBuildFile; fileRef = 7BD72F001A3B4C9900C0862B /* Purplebox.png */; };
		7BD72F401A3B4C9900C0862B /* Purplebox.png in Resources */ = {isa = PBXBuildFile; fileRef = 7BD72F001A3B4C9900C0862B /* Purplebox.png */; };
		7BD72F411A3B4C9900C0862B /* Redbox.png in Resources */ = {isa = PBXBuildFile; fileRef = 7BD72F011A3B4C9900C0862B /* Redbox.png */; };
		7BD72F421A3B4C9900C0862B /* Redbox.png in Resources */ = {isa = PBXBuildFile; fileRef = 7BD72F011A3B4C9900C0862B /* Redbox.png */; };
		7BD72F431A3B4C9900C0862B /* Skybluebox.png in Resources */ = {isa = PBXBuildFile; fileRef = 7BD72F021A3B4C9900C0862B /* Skybluebox.png */; };
		7BD72F441A3B4C9900C0862B /* Skybluebox.png in Resources */ = {isa = PBXBuildFile; fileRef = 7BD72F021A3B4C9900C0862B /* Skybluebox.png */; };
		7BD72F451A3B4C9900C0862B /* Yellowbox.png in Resources */ = {isa = PBXBuildFile; fileRef = 7BD72F031A3B4C9900C0862B /* Yellowbox.png */; };
		7BD72F461A3B4C9900C0862B /* Yellowbox.png in Resources */ = {isa = PBXBuildFile; fileRef = 7BD72F031A3B4C9900C0862B /* Yellowbox.png */; };
		7BD72F471A3B4C9900C0862B /* Tetris.png in Resources */ = {isa = PBXBuildFile; fileRef = 7BD72F041A3B4C9900C0862B /* Tetris.png */; };
		7BD72F481A3B4C9900C0862B /* Tetris.png in Resources */ = {isa = PBXBuildFile; fileRef = 7BD72F041A3B4C9900C0862B /* Tetris.png */; };
		7BD72F491A3B4C9900C0862B /*  A.wav in Resources */ = {isa = PBXBuildFile; fileRef = 7BD72F061A3B4C9900C0862B /*  A.wav */; };
		7BD72F4A1A3B4C9900C0862B /*  A.wav in Resources */ = {isa = PBXBuildFile; fileRef = 7BD72F061A3B4C9900C0862B /*  A.wav */; };
		7BD72F4B1A3B4C9900C0862B /*  a1.wav in Resources */ = {isa = PBXBuildFile; fileRef = 7BD72F071A3B4C9900C0862B /*  a1.wav */; };
		7BD72F4C1A3B4C9900C0862B /*  a1.wav in Resources */ = {isa = PBXBuildFile; fileRef = 7BD72F071A3B4C9900C0862B /*  a1.wav */; };
		7BD72F4D1A3B4C9900C0862B /*  B.wav in Resources */ = {isa = PBXBuildFile; fileRef = 7BD72F081A3B4C9900C0862B /*  B.wav */; };
		7BD72F4E1A3B4C9900C0862B /*  B.wav in Resources */ = {isa = PBXBuildFile; fileRef = 7BD72F081A3B4C9900C0862B /*  B.wav */; };
		7BD72F4F1A3B4C9900C0862B /*  b1.wav in Resources */ = {isa = PBXBuildFile; fileRef = 7BD72F091A3B4C9900C0862B /*  b1.wav */; };
		7BD72F501A3B4C9900C0862B /*  b1.wav in Resources */ = {isa = PBXBuildFile; fileRef = 7BD72F091A3B4C9900C0862B /*  b1.wav */; };
		7BD72F511A3B4C9900C0862B /*  C.wav in Resources */ = {isa = PBXBuildFile; fileRef = 7BD72F0A1A3B4C9900C0862B /*  C.wav */; };
		7BD72F521A3B4C9900C0862B /*  C.wav in Resources */ = {isa = PBXBuildFile; fileRef = 7BD72F0A1A3B4C9900C0862B /*  C.wav */; };
		7BD72F531A3B4C9900C0862B /*  c1.wav in Resources */ = {isa = PBXBuildFile; fileRef = 7BD72F0B1A3B4C9900C0862B /*  c1.wav */; };
		7BD72F541A3B4C9900C0862B /*  c1.wav in Resources */ = {isa = PBXBuildFile; fileRef = 7BD72F0B1A3B4C9900C0862B /*  c1.wav */; };
		7BD72F551A3B4C9900C0862B /*  D.wav in Resources */ = {isa = PBXBuildFile; fileRef = 7BD72F0C1A3B4C9900C0862B /*  D.wav */; };
		7BD72F561A3B4C9900C0862B /*  D.wav in Resources */ = {isa = PBXBuildFile; fileRef = 7BD72F0C1A3B4C9900C0862B /*  D.wav */; };
		7BD72F571A3B4C9900C0862B /*  d1.wav in Resources */ = {isa = PBXBuildFile; fileRef = 7BD72F0D1A3B4C9900C0862B /*  d1.wav */; };
		7BD72F581A3B4C9900C0862B /*  d1.wav in Resources */ = {isa = PBXBuildFile; fileRef = 7BD72F0D1A3B4C9900C0862B /*  d1.wav */; };
		7BD72F591A3B4C9900C0862B /*  E.wav in Resources */ = {isa = PBXBuildFile; fileRef = 7BD72F0E1A3B4C9900C0862B /*  E.wav */; };
		7BD72F5A1A3B4C9900C0862B /*  E.wav in Resources */ = {isa = PBXBuildFile; fileRef = 7BD72F0E1A3B4C9900C0862B /*  E.wav */; };
		7BD72F5B1A3B4C9900C0862B /*  e1.wav in Resources */ = {isa = PBXBuildFile; fileRef = 7BD72F0F1A3B4C9900C0862B /*  e1.wav */; };
		7BD72F5C1A3B4C9900C0862B /*  e1.wav in Resources */ = {isa = PBXBuildFile; fileRef = 7BD72F0F1A3B4C9900C0862B /*  e1.wav */; };
		7BD72F5D1A3B4C9900C0862B /*  F.wav in Resources */ = {isa = PBXBuildFile; fileRef = 7BD72F101A3B4C9900C0862B /*  F.wav */; };
		7BD72F5E1A3B4C9900C0862B /*  F.wav in Resources */ = {isa = PBXBuildFile; fileRef = 7BD72F101A3B4C9900C0862B /*  F.wav */; };
		7BD72F5F1A3B4C9900C0862B /*  f1.wav in Resources */ = {isa = PBXBuildFile; fileRef = 7BD72F111A3B4C9900C0862B /*  f1.wav */; };
		7BD72F601A3B4C9900C0862B /*  f1.wav in Resources */ = {isa = PBXBuildFile; fileRef = 7BD72F111A3B4C9900C0862B /*  f1.wav */; };
		7BD72F611A3B4C9900C0862B /*  G.wav in Resources */ = {isa = PBXBuildFile; fileRef = 7BD72F121A3B4C9900C0862B /*  G.wav */; };
		7BD72F621A3B4C9900C0862B /*  G.wav in Resources */ = {isa = PBXBuildFile; fileRef = 7BD72F121A3B4C9900C0862B /*  G.wav */; };
		7BD72F631A3B4C9900C0862B /*  g1.wav in Resources */ = {isa = PBXBuildFile; fileRef = 7BD72F131A3B4C9900C0862B /*  g1.wav */; };
		7BD72F641A3B4C9900C0862B /*  g1.wav in Resources */ = {isa = PBXBuildFile; fileRef = 7BD72F131A3B4C9900C0862B /*  g1.wav */; };
		7BD72F651A3B4C9900C0862B /*  H.wav in Resources */ = {isa = PBXBuildFile; fileRef = 7BD72F141A3B4C9900C0862B /*  H.wav */; };
		7BD72F661A3B4C9900C0862B /*  H.wav in Resources */ = {isa = PBXBuildFile; fileRef = 7BD72F141A3B4C9900C0862B /*  H.wav */; };
		7BD72F671A3B4C9900C0862B /*  h1.wav in Resources */ = {isa = PBXBuildFile; fileRef = 7BD72F151A3B4C9900C0862B /*  h1.wav */; };
		7BD72F681A3B4C9900C0862B /*  h1.wav in Resources */ = {isa = PBXBuildFile; fileRef = 7BD72F151A3B4C9900C0862B /*  h1.wav */; };
		7BD72F691A3B4C9900C0862B /*  I.wav in Resources */ = {isa = PBXBuildFile; fileRef = 7BD72F161A3B4C9900C0862B /*  I.wav */; };
		7BD72F6A1A3B4C9900C0862B /*  I.wav in Resources */ = {isa = PBXBuildFile; fileRef = 7BD72F161A3B4C9900C0862B /*  I.wav */; };
		7BD72F6B1A3B4C9900C0862B /*  i1.wav in Resources */ = {isa = PBXBuildFile; fileRef = 7BD72F171A3B4C9900C0862B /*  i1.wav */; };
		7BD72F6C1A3B4C9900C0862B /*  i1.wav in Resources */ = {isa = PBXBuildFile; fileRef = 7BD72F171A3B4C9900C0862B /*  i1.wav */; };
		7BD72F6D1A3B4C9900C0862B /*  J.wav in Resources */ = {isa = PBXBuildFile; fileRef = 7BD72F181A3B4C9900C0862B /*  J.wav */; };
		7BD72F6E1A3B4C9900C0862B /*  J.wav in Resources */ = {isa = PBXBuildFile; fileRef = 7BD72F181A3B4C9900C0862B /*  J.wav */; };
		7BD72F6F1A3B4C9900C0862B /*  j1.wav in Resources */ = {isa = PBXBuildFile; fileRef = 7BD72F191A3B4C9900C0862B /*  j1.wav */; };
		7BD72F701A3B4C9900C0862B /*  j1.wav in Resources */ = {isa = PBXBuildFile; fileRef = 7BD72F191A3B4C9900C0862B /*  j1.wav */; };
		7BD72F711A3B4C9900C0862B /*  K.wav in Resources */ = {isa = PBXBuildFile; fileRef = 7BD72F1A1A3B4C9900C0862B /*  K.wav */; };
		7BD72F721A3B4C9900C0862B /*  K.wav in Resources */ = {isa = PBXBuildFile; fileRef = 7BD72F1A1A3B4C9900C0862B /*  K.wav */; };
		7BD72F731A3B4C9900C0862B /*  k1.wav in Resources */ = {isa = PBXBuildFile; fileRef = 7BD72F1B1A3B4C9900C0862B /*  k1.wav */; };
		7BD72F741A3B4C9900C0862B /*  k1.wav in Resources */ = {isa = PBXBuildFile; fileRef = 7BD72F1B1A3B4C9900C0862B /*  k1.wav */; };
		7BD72F751A3B4C9900C0862B /*  L.wav in Resources */ = {isa = PBXBuildFile; fileRef = 7BD72F1C1A3B4C9900C0862B /*  L.wav */; };
		7BD72F761A3B4C9900C0862B /*  L.wav in Resources */ = {isa = PBXBuildFile; fileRef = 7BD72F1C1A3B4C9900C0862B /*  L.wav */; };
		7BD72F771A3B4C9900C0862B /*  l1.wav in Resources */ = {isa = PBXBuildFile; fileRef = 7BD72F1D1A3B4C9900C0862B /*  l1.wav */; };
		7BD72F781A3B4C9900C0862B /*  l1.wav in Resources */ = {isa = PBXBuildFile; fileRef = 7BD72F1D1A3B4C9900C0862B /*  l1.wav */; };
		7BD72F791A3B4C9900C0862B /*  M.wav in Resources */ = {isa = PBXBuildFile; fileRef = 7BD72F1E1A3B4C9900C0862B /*  M.wav */; };
		7BD72F7A1A3B4C9900C0862B /*  M.wav in Resources */ = {isa = PBXBuildFile; fileRef = 7BD72F1E1A3B4C9900C0862B /*  M.wav */; };
		7BD72F7B1A3B4C9900C0862B /*  N.wav in Resources */ = {isa = PBXBuildFile; fileRef = 7BD72F1F1A3B4C9900C0862B /*  N.wav */; };
		7BD72F7C1A3B4C9900C0862B /*  N.wav in Resources */ = {isa = PBXBuildFile; fileRef = 7BD72F1F1A3B4C9900C0862B /*  N.wav */; };
		7BD72F7D1A3B4C9900C0862B /*  O.wav in Resources */ = {isa = PBXBuildFile; fileRef = 7BD72F201A3B4C9900C0862B /*  O.wav */; };
		7BD72F7E1A3B4C9900C0862B /*  O.wav in Resources */ = {isa = PBXBuildFile; fileRef = 7BD72F201A3B4C9900C0862B /*  O.wav */; };
		7BD72F7F1A3B4C9900C0862B /*  P.wav in Resources */ = {isa = PBXBuildFile; fileRef = 7BD72F211A3B4C9900C0862B /*  P.wav */; };
		7BD72F801A3B4C9900C0862B /*  P.wav in Resources */ = {isa = PBXBuildFile; fileRef = 7BD72F211A3B4C9900C0862B /*  P.wav */; };
		7BD72F811A3B4C9900C0862B /*  Q.wav in Resources */ = {isa = PBXBuildFile; fileRef = 7BD72F221A3B4C9900C0862B /*  Q.wav */; };
		7BD72F821A3B4C9900C0862B /*  Q.wav in Resources */ = {isa = PBXBuildFile; fileRef = 7BD72F221A3B4C9900C0862B /*  Q.wav */; };
		7BD72F831A3B4C9900C0862B /*  R.wav in Resources */ = {isa = PBXBuildFile; fileRef = 7BD72F231A3B4C9900C0862B /*  R.wav */; };
		7BD72F841A3B4C9900C0862B /*  R.wav in Resources */ = {isa = PBXBuildFile; fileRef = 7BD72F231A3B4C9900C0862B /*  R.wav */; };
		7BD72F851A3B4C9900C0862B /*  S.wav in Resources */ = {isa = PBXBuildFile; fileRef = 7BD72F241A3B4C9900C0862B /*  S.wav */; };
		7BD72F861A3B4C9900C0862B /*  S.wav in Resources */ = {isa = PBXBuildFile; fileRef = 7BD72F241A3B4C9900C0862B /*  S.wav */; };
		7BD72F871A3B4C9900C0862B /*  T.wav in Resources */ = {isa = PBXBuildFile; fileRef = 7BD72F251A3B4C9900C0862B /*  T.wav */; };
		7BD72F881A3B4C9900C0862B /*  T.wav in Resources */ = {isa = PBXBuildFile; fileRef = 7BD72F251A3B4C9900C0862B /*  T.wav */; };
		7BD72F891A3B4C9900C0862B /*  U.wav in Resources */ = {isa = PBXBuildFile; fileRef = 7BD72F261A3B4C9900C0862B /*  U.wav */; };
		7BD72F8A1A3B4C9900C0862B /*  U.wav in Resources */ = {isa = PBXBuildFile; fileRef = 7BD72F261A3B4C9900C0862B /*  U.wav */; };
		7BD72F8B1A3B4C9900C0862B /*  V.wav in Resources */ = {isa = PBXBuildFile; fileRef = 7BD72F271A3B4C9900C0862B /*  V.wav */; };
		7BD72F8C1A3B4C9900C0862B /*  V.wav in Resources */ = {isa = PBXBuildFile; fileRef = 7BD72F271A3B4C9900C0862B /*  V.wav */; };
		7BD72F8D1A3B4C9900C0862B /*  W.wav in Resources */ = {isa = PBXBuildFile; fileRef = 7BD72F281A3B4C9900C0862B /*  W.wav */; };
		7BD72F8E1A3B4C9900C0862B /*  W.wav in Resources */ = {isa = PBXBuildFile; fileRef = 7BD72F281A3B4C9900C0862B /*  W.wav */; };
		7BD72F8F1A3B4C9900C0862B /*  X.wav in Resources */ = {isa = PBXBuildFile; fileRef = 7BD72F291A3B4C9900C0862B /*  X.wav */; };
		7BD72F901A3B4C9900C0862B /*  X.wav in Resources */ = {isa = PBXBuildFile; fileRef = 7BD72F291A3B4C9900C0862B /*  X.wav */; };
		7BD72F911A3B4C9900C0862B /* keyboardButton.png in Resources */ = {isa = PBXBuildFile; fileRef = 7BD72F2A1A3B4C9900C0862B /* keyboardButton.png */; };
		7BD72F921A3B4C9900C0862B /* keyboardButton.png in Resources */ = {isa = PBXBuildFile; fileRef = 7BD72F2A1A3B4C9900C0862B /* keyboardButton.png */; };
		7BD72F931A3B4C9900C0862B /* keyboardButtonSelected.png in Resources */ = {isa = PBXBuildFile; fileRef = 7BD72F2B1A3B4C9900C0862B /* keyboardButtonSelected.png */; };
		7BD72F941A3B4C9900C0862B /* keyboardButtonSelected.png in Resources */ = {isa = PBXBuildFile; fileRef = 7BD72F2B1A3B4C9900C0862B /* keyboardButtonSelected.png */; };
		7BD72F951A3B4C9900C0862B /* fish.png in Resources */ = {isa = PBXBuildFile; fileRef = 7BD72F2C1A3B4C9900C0862B /* fish.png */; };
		7BD72F961A3B4C9900C0862B /* fish.png in Resources */ = {isa = PBXBuildFile; fileRef = 7BD72F2C1A3B4C9900C0862B /* fish.png */; };
		7BD72F971A3B4C9900C0862B /* background.jpg in Resources */ = {isa = PBXBuildFile; fileRef = 7BD72F2D1A3B4C9900C0862B /* background.jpg */; };
		7BD72F981A3B4C9900C0862B /* background.jpg in Resources */ = {isa = PBXBuildFile; fileRef = 7BD72F2D1A3B4C9900C0862B /* background.jpg */; };
		7BD72F991A3B4C9900C0862B /* CloseNormal.png in Resources */ = {isa = PBXBuildFile; fileRef = 7BD72F2E1A3B4C9900C0862B /* CloseNormal.png */; };
		7BD72F9A1A3B4C9900C0862B /* CloseNormal.png in Resources */ = {isa = PBXBuildFile; fileRef = 7BD72F2E1A3B4C9900C0862B /* CloseNormal.png */; };
		7BD72F9B1A3B4C9900C0862B /* CloseSelected.png in Resources */ = {isa = PBXBuildFile; fileRef = 7BD72F2F1A3B4C9900C0862B /* CloseSelected.png */; };
		7BD72F9C1A3B4C9900C0862B /* CloseSelected.png in Resources */ = {isa = PBXBuildFile; fileRef = 7BD72F2F1A3B4C9900C0862B /* CloseSelected.png */; };
		7BD72F9D1A3B4C9900C0862B /* Marker Felt.ttf in Resources */ = {isa = PBXBuildFile; fileRef = 7BD72F311A3B4C9900C0862B /* Marker Felt.ttf */; };
		7BD72F9E1A3B4C9900C0862B /* Marker Felt.ttf in Resources */ = {isa = PBXBuildFile; fileRef = 7BD72F311A3B4C9900C0862B /* Marker Felt.ttf */; };
		7BD72F9F1A3B4C9900C0862B /* HelloWorld.png in Resources */ = {isa = PBXBuildFile; fileRef = 7BD72F321A3B4C9900C0862B /* HelloWorld.png */; };
		7BD72FA01A3B4C9900C0862B /* HelloWorld.png in Resources */ = {isa = PBXBuildFile; fileRef = 7BD72F321A3B4C9900C0862B /* HelloWorld.png */; };
		7BD72FA11A3B4C9900C0862B /* .gitkeep in Resources */ = {isa = PBXBuildFile; fileRef = 7BD72F341A3B4C9900C0862B /* .gitkeep */; };
		7BD72FA21A3B4C9900C0862B /* .gitkeep in Resources */ = {isa = PBXBuildFile; fileRef = 7BD72F341A3B4C9900C0862B /* .gitkeep */; };
		7BD72FA61A3BD53400C0862B /* Nobox.png in Resources */ = {isa = PBXBuildFile; fileRef = 7BD72FA51A3BD53400C0862B /* Nobox.png */; };
		7BD72FA71A3BD53400C0862B /* Nobox.png in Resources */ = {isa = PBXBuildFile; fileRef = 7BD72FA51A3BD53400C0862B /* Nobox.png */; };
		7BD7859D1A31590E0070728E /* MyHelloScene.cpp in Sources */ = {isa = PBXBuildFile; fileRef = 7BD7859B1A31590E0070728E /* MyHelloScene.cpp */; };
		7BD7859E1A31590E0070728E /* MyHelloScene.cpp in Sources */ = {isa = PBXBuildFile; fileRef = 7BD7859B1A31590E0070728E /* MyHelloScene.cpp */; };
		BF171245129291EC00B8313A /* OpenGLES.framework in Frameworks */ = {isa = PBXBuildFile; fileRef = BF170DB012928DE900B8313A /* OpenGLES.framework */; };
		BF1712471292920000B8313A /* libz.dylib in Frameworks */ = {isa = PBXBuildFile; fileRef = BF170DB412928DE900B8313A /* libz.dylib */; };
		BF1C47F01293687400B63C5D /* QuartzCore.framework in Frameworks */ = {isa = PBXBuildFile; fileRef = BF1C47EA1293683800B63C5D /* QuartzCore.framework */; };
		D44C620C132DFF330009C878 /* OpenAL.framework in Frameworks */ = {isa = PBXBuildFile; fileRef = D44C620B132DFF330009C878 /* OpenAL.framework */; };
		D44C620E132DFF430009C878 /* AVFoundation.framework in Frameworks */ = {isa = PBXBuildFile; fileRef = D44C620D132DFF430009C878 /* AVFoundation.framework */; };
		D44C6210132DFF4E0009C878 /* AudioToolbox.framework in Frameworks */ = {isa = PBXBuildFile; fileRef = D44C620F132DFF4E0009C878 /* AudioToolbox.framework */; };
		D6B0611B1803AB670077942B /* CoreMotion.framework in Frameworks */ = {isa = PBXBuildFile; fileRef = D6B0611A1803AB670077942B /* CoreMotion.framework */; };
/* End PBXBuildFile section */

/* Begin PBXContainerItemProxy section */
		1AC6FAF8180E9839004C840B /* PBXContainerItemProxy */ = {
			isa = PBXContainerItemProxy;
			containerPortal = 1AC6FAE5180E9839004C840B /* cocos2d_libs.xcodeproj */;
			proxyType = 2;
			remoteGlobalIDString = 1551A33F158F2AB200E66CFE;
			remoteInfo = "cocos2dx Mac";
		};
		1AC6FB06180E9839004C840B /* PBXContainerItemProxy */ = {
			isa = PBXContainerItemProxy;
			containerPortal = 1AC6FAE5180E9839004C840B /* cocos2d_libs.xcodeproj */;
			proxyType = 2;
			remoteGlobalIDString = A07A4D641783777C0073F6A7;
			remoteInfo = "cocos2dx iOS";
		};
		1AC6FB15180E9959004C840B /* PBXContainerItemProxy */ = {
			isa = PBXContainerItemProxy;
			containerPortal = 1AC6FAE5180E9839004C840B /* cocos2d_libs.xcodeproj */;
			proxyType = 1;
			remoteGlobalIDString = 1551A33E158F2AB200E66CFE;
			remoteInfo = "cocos2dx Mac";
		};
		1AC6FB24180E99E1004C840B /* PBXContainerItemProxy */ = {
			isa = PBXContainerItemProxy;
			containerPortal = 1AC6FAE5180E9839004C840B /* cocos2d_libs.xcodeproj */;
			proxyType = 1;
			remoteGlobalIDString = A07A4C241783777C0073F6A7;
			remoteInfo = "cocos2dx iOS";
		};
/* End PBXContainerItemProxy section */

/* Begin PBXFileReference section */
		1AC6FAE5180E9839004C840B /* cocos2d_libs.xcodeproj */ = {isa = PBXFileReference; lastKnownFileType = "wrapper.pb-project"; name = cocos2d_libs.xcodeproj; path = ../cocos2d/build/cocos2d_libs.xcodeproj; sourceTree = "<group>"; };
		1ACB3243164770DE00914215 /* libcurl.a */ = {isa = PBXFileReference; lastKnownFileType = archive.ar; name = libcurl.a; path = ../../cocos2dx/platform/third_party/ios/libraries/libcurl.a; sourceTree = "<group>"; };
		1D30AB110D05D00D00671497 /* Foundation.framework */ = {isa = PBXFileReference; lastKnownFileType = wrapper.framework; name = Foundation.framework; path = System/Library/Frameworks/Foundation.framework; sourceTree = SDKROOT; };
		1D6058910D05DD3D006BFB54 /* tetris iOS.app */ = {isa = PBXFileReference; explicitFileType = wrapper.application; includeInIndex = 0; path = "tetris iOS.app"; sourceTree = BUILT_PRODUCTS_DIR; };
		1DF5F4DF0D08C38300B7A737 /* UIKit.framework */ = {isa = PBXFileReference; lastKnownFileType = wrapper.framework; name = UIKit.framework; path = System/Library/Frameworks/UIKit.framework; sourceTree = SDKROOT; };
		288765A40DF7441C002DB57D /* CoreGraphics.framework */ = {isa = PBXFileReference; lastKnownFileType = wrapper.framework; name = CoreGraphics.framework; path = System/Library/Frameworks/CoreGraphics.framework; sourceTree = SDKROOT; };
		46880B8419C43A87006E1F66 /* AppDelegate.cpp */ = {isa = PBXFileReference; fileEncoding = 4; lastKnownFileType = sourcecode.cpp.cpp; path = AppDelegate.cpp; sourceTree = "<group>"; };
		46880B8519C43A87006E1F66 /* AppDelegate.h */ = {isa = PBXFileReference; fileEncoding = 4; lastKnownFileType = sourcecode.c.h; path = AppDelegate.h; sourceTree = "<group>"; };
		503AE0F617EB97AB00D1A890 /* Icon.icns */ = {isa = PBXFileReference; lastKnownFileType = image.icns; path = Icon.icns; sourceTree = "<group>"; };
		503AE0F717EB97AB00D1A890 /* Info.plist */ = {isa = PBXFileReference; fileEncoding = 4; lastKnownFileType = text.plist.xml; path = Info.plist; sourceTree = "<group>"; };
		503AE0FA17EB989F00D1A890 /* AppController.h */ = {isa = PBXFileReference; fileEncoding = 4; lastKnownFileType = sourcecode.c.h; name = AppController.h; path = ios/AppController.h; sourceTree = SOURCE_ROOT; };
		503AE0FB17EB989F00D1A890 /* AppController.mm */ = {isa = PBXFileReference; fileEncoding = 4; lastKnownFileType = sourcecode.cpp.objcpp; name = AppController.mm; path = ios/AppController.mm; sourceTree = SOURCE_ROOT; };
		503AE0FC17EB989F00D1A890 /* main.m */ = {isa = PBXFileReference; fileEncoding = 4; lastKnownFileType = sourcecode.c.objc; name = main.m; path = ios/main.m; sourceTree = SOURCE_ROOT; };
		503AE0FD17EB989F00D1A890 /* Prefix.pch */ = {isa = PBXFileReference; fileEncoding = 4; lastKnownFileType = sourcecode.c.h; name = Prefix.pch; path = ios/Prefix.pch; sourceTree = SOURCE_ROOT; };
		503AE0FE17EB989F00D1A890 /* RootViewController.h */ = {isa = PBXFileReference; fileEncoding = 4; lastKnownFileType = sourcecode.c.h; name = RootViewController.h; path = ios/RootViewController.h; sourceTree = SOURCE_ROOT; };
		503AE0FF17EB989F00D1A890 /* RootViewController.mm */ = {isa = PBXFileReference; fileEncoding = 4; lastKnownFileType = sourcecode.cpp.objcpp; name = RootViewController.mm; path = ios/RootViewController.mm; sourceTree = SOURCE_ROOT; };
		503AE10317EB98FF00D1A890 /* main.cpp */ = {isa = PBXFileReference; fileEncoding = 4; lastKnownFileType = sourcecode.cpp.cpp; name = main.cpp; path = mac/main.cpp; sourceTree = "<group>"; };
		503AE10417EB98FF00D1A890 /* Prefix.pch */ = {isa = PBXFileReference; fileEncoding = 4; lastKnownFileType = sourcecode.c.h; name = Prefix.pch; path = mac/Prefix.pch; sourceTree = "<group>"; };
		503AE11117EB99EE00D1A890 /* libcurl.dylib */ = {isa = PBXFileReference; lastKnownFileType = "compiled.mach-o.dylib"; name = libcurl.dylib; path = usr/lib/libcurl.dylib; sourceTree = SDKROOT; };
		503AE11A17EB9C5A00D1A890 /* IOKit.framework */ = {isa = PBXFileReference; lastKnownFileType = wrapper.framework; name = IOKit.framework; path = System/Library/Frameworks/IOKit.framework; sourceTree = SDKROOT; };
		5087E76F17EB910900C73F5D /* tetris Mac.app */ = {isa = PBXFileReference; explicitFileType = wrapper.application; includeInIndex = 0; path = "tetris Mac.app"; sourceTree = BUILT_PRODUCTS_DIR; };
		5087E77217EB970100C73F5D /* Default-568h@2x.png */ = {isa = PBXFileReference; lastKnownFileType = image.png; path = "Default-568h@2x.png"; sourceTree = "<group>"; };
		5087E77317EB970100C73F5D /* Default.png */ = {isa = PBXFileReference; lastKnownFileType = image.png; path = Default.png; sourceTree = "<group>"; };
		5087E77417EB970100C73F5D /* Default@2x.png */ = {isa = PBXFileReference; lastKnownFileType = image.png; path = "Default@2x.png"; sourceTree = "<group>"; };
		5087E77517EB970100C73F5D /* Icon-114.png */ = {isa = PBXFileReference; lastKnownFileType = image.png; path = "Icon-114.png"; sourceTree = "<group>"; };
		5087E77617EB970100C73F5D /* Icon-120.png */ = {isa = PBXFileReference; lastKnownFileType = image.png; path = "Icon-120.png"; sourceTree = "<group>"; };
		5087E77717EB970100C73F5D /* Icon-144.png */ = {isa = PBXFileReference; lastKnownFileType = image.png; path = "Icon-144.png"; sourceTree = "<group>"; };
		5087E77817EB970100C73F5D /* Icon-152.png */ = {isa = PBXFileReference; lastKnownFileType = image.png; path = "Icon-152.png"; sourceTree = "<group>"; };
		5087E77917EB970100C73F5D /* Icon-57.png */ = {isa = PBXFileReference; lastKnownFileType = image.png; path = "Icon-57.png"; sourceTree = "<group>"; };
		5087E77A17EB970100C73F5D /* Icon-72.png */ = {isa = PBXFileReference; lastKnownFileType = image.png; path = "Icon-72.png"; sourceTree = "<group>"; };
		5087E77B17EB970100C73F5D /* Icon-76.png */ = {isa = PBXFileReference; lastKnownFileType = image.png; path = "Icon-76.png"; sourceTree = "<group>"; };
		5087E77C17EB970100C73F5D /* Info.plist */ = {isa = PBXFileReference; fileEncoding = 4; lastKnownFileType = text.plist.xml; path = Info.plist; sourceTree = "<group>"; };
		5087E78817EB974C00C73F5D /* AppKit.framework */ = {isa = PBXFileReference; lastKnownFileType = wrapper.framework; name = AppKit.framework; path = System/Library/Frameworks/AppKit.framework; sourceTree = SDKROOT; };
		5087E78A17EB975400C73F5D /* OpenGL.framework */ = {isa = PBXFileReference; lastKnownFileType = wrapper.framework; name = OpenGL.framework; path = System/Library/Frameworks/OpenGL.framework; sourceTree = SDKROOT; };
		50EF629217ECD46A001EB2F8 /* Icon-40.png */ = {isa = PBXFileReference; lastKnownFileType = image.png; path = "Icon-40.png"; sourceTree = "<group>"; };
		50EF629317ECD46A001EB2F8 /* Icon-58.png */ = {isa = PBXFileReference; lastKnownFileType = image.png; path = "Icon-58.png"; sourceTree = "<group>"; };
		50EF629417ECD46A001EB2F8 /* Icon-80.png */ = {isa = PBXFileReference; lastKnownFileType = image.png; path = "Icon-80.png"; sourceTree = "<group>"; };
		50EF629517ECD46A001EB2F8 /* Icon-100.png */ = {isa = PBXFileReference; lastKnownFileType = image.png; path = "Icon-100.png"; sourceTree = "<group>"; };
		50EF62A017ECD613001EB2F8 /* Icon-29.png */ = {isa = PBXFileReference; lastKnownFileType = image.png; path = "Icon-29.png"; sourceTree = "<group>"; };
		50EF62A117ECD613001EB2F8 /* Icon-50.png */ = {isa = PBXFileReference; lastKnownFileType = image.png; path = "Icon-50.png"; sourceTree = "<group>"; };
		521A8E6219F0C34300D177D7 /* Default-667h@2x.png */ = {isa = PBXFileReference; lastKnownFileType = image.png; path = "Default-667h@2x.png"; sourceTree = "<group>"; };
		521A8E6319F0C34300D177D7 /* Default-736h@3x.png */ = {isa = PBXFileReference; lastKnownFileType = image.png; path = "Default-736h@3x.png"; sourceTree = "<group>"; };
		7B26C2B21A5D7316002872CD /* down_Button.png */ = {isa = PBXFileReference; lastKnownFileType = image.png; path = down_Button.png; sourceTree = "<group>"; };
		7B26C2B31A5D7316002872CD /* left_Button.png */ = {isa = PBXFileReference; lastKnownFileType = image.png; path = left_Button.png; sourceTree = "<group>"; };
		7B26C2B41A5D7316002872CD /* right_Button.png */ = {isa = PBXFileReference; lastKnownFileType = image.png; path = right_Button.png; sourceTree = "<group>"; };
		7B26C2B51A5D7316002872CD /* up_Button.png */ = {isa = PBXFileReference; lastKnownFileType = image.png; path = up_Button.png; sourceTree = "<group>"; };
		7B3F6F691A4B091800190D2E /* CollisionLayer.cpp */ = {isa = PBXFileReference; fileEncoding = 4; lastKnownFileType = sourcecode.cpp.cpp; path = CollisionLayer.cpp; sourceTree = "<group>"; };
		7B3F6F6A1A4B091800190D2E /* CollisionLayer.h */ = {isa = PBXFileReference; fileEncoding = 4; lastKnownFileType = sourcecode.c.h; path = CollisionLayer.h; sourceTree = "<group>"; };
		7B3F6F6B1A4B091800190D2E /* ColorLayer.cpp */ = {isa = PBXFileReference; fileEncoding = 4; lastKnownFileType = sourcecode.cpp.cpp; path = ColorLayer.cpp; sourceTree = "<group>"; };
		7B3F6F6C1A4B091800190D2E /* ColorLayer.h */ = {isa = PBXFileReference; fileEncoding = 4; lastKnownFileType = sourcecode.c.h; path = ColorLayer.h; sourceTree = "<group>"; };
		7B3F6F6D1A4B091800190D2E /* TetrisData.cpp */ = {isa = PBXFileReference; fileEncoding = 4; lastKnownFileType = sourcecode.cpp.cpp; path = TetrisData.cpp; sourceTree = "<group>"; };
		7B3F6F6E1A4B091800190D2E /* TetrisData.h */ = {isa = PBXFileReference; fileEncoding = 4; lastKnownFileType = sourcecode.c.h; path = TetrisData.h; sourceTree = "<group>"; };
		7B3F6F6F1A4B091800190D2E /* TetrisField.cpp */ = {isa = PBXFileReference; fileEncoding = 4; lastKnownFileType = sourcecode.cpp.cpp; path = TetrisField.cpp; sourceTree = "<group>"; };
		7B3F6F701A4B091800190D2E /* TetrisField.h */ = {isa = PBXFileReference; fileEncoding = 4; lastKnownFileType = sourcecode.c.h; path = TetrisField.h; sourceTree = "<group>"; };
		7B3F6F711A4B091800190D2E /* TetrisPiece.cpp */ = {isa = PBXFileReference; fileEncoding = 4; lastKnownFileType = sourcecode.cpp.cpp; path = TetrisPiece.cpp; sourceTree = "<group>"; };
		7B3F6F721A4B091800190D2E /* TetrisPiece.h */ = {isa = PBXFileReference; fileEncoding = 4; lastKnownFileType = sourcecode.c.h; path = TetrisPiece.h; sourceTree = "<group>"; };
		7B3F6F731A4B091800190D2E /* Timer.cpp */ = {isa = PBXFileReference; fileEncoding = 4; lastKnownFileType = sourcecode.cpp.cpp; path = Timer.cpp; sourceTree = "<group>"; };
		7B3F6F741A4B091800190D2E /* Timer.h */ = {isa = PBXFileReference; fileEncoding = 4; lastKnownFileType = sourcecode.c.h; path = Timer.h; sourceTree = "<group>"; };
		7B3F6F811A4B095100190D2E /* RandomNumberGenerator.h */ = {isa = PBXFileReference; fileEncoding = 4; lastKnownFileType = sourcecode.c.h; path = RandomNumberGenerator.h; sourceTree = "<group>"; };
		7BBB9BE91A49D0C00097CFEB /* coloredbox1.png */ = {isa = PBXFileReference; lastKnownFileType = image.png; path = coloredbox1.png; sourceTree = "<group>"; };
		7BBB9BED1A49D6D30097CFEB /* Bluebox_1.png */ = {isa = PBXFileReference; lastKnownFileType = image.png; path = Bluebox_1.png; sourceTree = "<group>"; };
		7BD72EE91A387C2600C0862B /* DrawMap.cpp */ = {isa = PBXFileReference; fileEncoding = 4; lastKnownFileType = sourcecode.cpp.cpp; path = DrawMap.cpp; sourceTree = "<group>"; };
		7BD72EEA1A387C2600C0862B /* DrawMap.h */ = {isa = PBXFileReference; fileEncoding = 4; lastKnownFileType = sourcecode.c.h; path = DrawMap.h; sourceTree = "<group>"; };
		7BD72EFA1A3B4C9900C0862B /* background.png */ = {isa = PBXFileReference; lastKnownFileType = image.png; path = background.png; sourceTree = "<group>"; };
		7BD72EFC1A3B4C9900C0862B /* background.png */ = {isa = PBXFileReference; lastKnownFileType = image.png; path = background.png; sourceTree = "<group>"; };
		7BD72EFD1A3B4C9900C0862B /* Bluebox.png */ = {isa = PBXFileReference; lastKnownFileType = image.png; path = Bluebox.png; sourceTree = "<group>"; };
		7BD72EFE1A3B4C9900C0862B /* Graybox.png */ = {isa = PBXFileReference; lastKnownFileType = image.png; path = Graybox.png; sourceTree = "<group>"; };
		7BD72EFF1A3B4C9900C0862B /* Orangebox.png */ = {isa = PBXFileReference; lastKnownFileType = image.png; path = Orangebox.png; sourceTree = "<group>"; };
		7BD72F001A3B4C9900C0862B /* Purplebox.png */ = {isa = PBXFileReference; lastKnownFileType = image.png; path = Purplebox.png; sourceTree = "<group>"; };
		7BD72F011A3B4C9900C0862B /* Redbox.png */ = {isa = PBXFileReference; lastKnownFileType = image.png; path = Redbox.png; sourceTree = "<group>"; };
		7BD72F021A3B4C9900C0862B /* Skybluebox.png */ = {isa = PBXFileReference; lastKnownFileType = image.png; path = Skybluebox.png; sourceTree = "<group>"; };
		7BD72F031A3B4C9900C0862B /* Yellowbox.png */ = {isa = PBXFileReference; lastKnownFileType = image.png; path = Yellowbox.png; sourceTree = "<group>"; };
		7BD72F041A3B4C9900C0862B /* Tetris.png */ = {isa = PBXFileReference; lastKnownFileType = image.png; path = Tetris.png; sourceTree = "<group>"; };
		7BD72F061A3B4C9900C0862B /*  A.wav */ = {isa = PBXFileReference; lastKnownFileType = audio.wav; path = " A.wav"; sourceTree = "<group>"; };
		7BD72F071A3B4C9900C0862B /*  a1.wav */ = {isa = PBXFileReference; lastKnownFileType = audio.wav; path = " a1.wav"; sourceTree = "<group>"; };
		7BD72F081A3B4C9900C0862B /*  B.wav */ = {isa = PBXFileReference; lastKnownFileType = audio.wav; path = " B.wav"; sourceTree = "<group>"; };
		7BD72F091A3B4C9900C0862B /*  b1.wav */ = {isa = PBXFileReference; lastKnownFileType = audio.wav; path = " b1.wav"; sourceTree = "<group>"; };
		7BD72F0A1A3B4C9900C0862B /*  C.wav */ = {isa = PBXFileReference; lastKnownFileType = audio.wav; path = " C.wav"; sourceTree = "<group>"; };
		7BD72F0B1A3B4C9900C0862B /*  c1.wav */ = {isa = PBXFileReference; lastKnownFileType = audio.wav; path = " c1.wav"; sourceTree = "<group>"; };
		7BD72F0C1A3B4C9900C0862B /*  D.wav */ = {isa = PBXFileReference; lastKnownFileType = audio.wav; path = " D.wav"; sourceTree = "<group>"; };
		7BD72F0D1A3B4C9900C0862B /*  d1.wav */ = {isa = PBXFileReference; lastKnownFileType = audio.wav; path = " d1.wav"; sourceTree = "<group>"; };
		7BD72F0E1A3B4C9900C0862B /*  E.wav */ = {isa = PBXFileReference; lastKnownFileType = audio.wav; path = " E.wav"; sourceTree = "<group>"; };
		7BD72F0F1A3B4C9900C0862B /*  e1.wav */ = {isa = PBXFileReference; lastKnownFileType = audio.wav; path = " e1.wav"; sourceTree = "<group>"; };
		7BD72F101A3B4C9900C0862B /*  F.wav */ = {isa = PBXFileReference; lastKnownFileType = audio.wav; path = " F.wav"; sourceTree = "<group>"; };
		7BD72F111A3B4C9900C0862B /*  f1.wav */ = {isa = PBXFileReference; lastKnownFileType = audio.wav; path = " f1.wav"; sourceTree = "<group>"; };
		7BD72F121A3B4C9900C0862B /*  G.wav */ = {isa = PBXFileReference; lastKnownFileType = audio.wav; path = " G.wav"; sourceTree = "<group>"; };
		7BD72F131A3B4C9900C0862B /*  g1.wav */ = {isa = PBXFileReference; lastKnownFileType = audio.wav; path = " g1.wav"; sourceTree = "<group>"; };
		7BD72F141A3B4C9900C0862B /*  H.wav */ = {isa = PBXFileReference; lastKnownFileType = audio.wav; path = " H.wav"; sourceTree = "<group>"; };
		7BD72F151A3B4C9900C0862B /*  h1.wav */ = {isa = PBXFileReference; lastKnownFileType = audio.wav; path = " h1.wav"; sourceTree = "<group>"; };
		7BD72F161A3B4C9900C0862B /*  I.wav */ = {isa = PBXFileReference; lastKnownFileType = audio.wav; path = " I.wav"; sourceTree = "<group>"; };
		7BD72F171A3B4C9900C0862B /*  i1.wav */ = {isa = PBXFileReference; lastKnownFileType = audio.wav; path = " i1.wav"; sourceTree = "<group>"; };
		7BD72F181A3B4C9900C0862B /*  J.wav */ = {isa = PBXFileReference; lastKnownFileType = audio.wav; path = " J.wav"; sourceTree = "<group>"; };
		7BD72F191A3B4C9900C0862B /*  j1.wav */ = {isa = PBXFileReference; lastKnownFileType = audio.wav; path = " j1.wav"; sourceTree = "<group>"; };
		7BD72F1A1A3B4C9900C0862B /*  K.wav */ = {isa = PBXFileReference; lastKnownFileType = audio.wav; path = " K.wav"; sourceTree = "<group>"; };
		7BD72F1B1A3B4C9900C0862B /*  k1.wav */ = {isa = PBXFileReference; lastKnownFileType = audio.wav; path = " k1.wav"; sourceTree = "<group>"; };
		7BD72F1C1A3B4C9900C0862B /*  L.wav */ = {isa = PBXFileReference; lastKnownFileType = audio.wav; path = " L.wav"; sourceTree = "<group>"; };
		7BD72F1D1A3B4C9900C0862B /*  l1.wav */ = {isa = PBXFileReference; lastKnownFileType = audio.wav; path = " l1.wav"; sourceTree = "<group>"; };
		7BD72F1E1A3B4C9900C0862B /*  M.wav */ = {isa = PBXFileReference; lastKnownFileType = audio.wav; path = " M.wav"; sourceTree = "<group>"; };
		7BD72F1F1A3B4C9900C0862B /*  N.wav */ = {isa = PBXFileReference; lastKnownFileType = audio.wav; path = " N.wav"; sourceTree = "<group>"; };
		7BD72F201A3B4C9900C0862B /*  O.wav */ = {isa = PBXFileReference; lastKnownFileType = audio.wav; path = " O.wav"; sourceTree = "<group>"; };
		7BD72F211A3B4C9900C0862B /*  P.wav */ = {isa = PBXFileReference; lastKnownFileType = audio.wav; path = " P.wav"; sourceTree = "<group>"; };
		7BD72F221A3B4C9900C0862B /*  Q.wav */ = {isa = PBXFileReference; lastKnownFileType = audio.wav; path = " Q.wav"; sourceTree = "<group>"; };
		7BD72F231A3B4C9900C0862B /*  R.wav */ = {isa = PBXFileReference; lastKnownFileType = audio.wav; path = " R.wav"; sourceTree = "<group>"; };
		7BD72F241A3B4C9900C0862B /*  S.wav */ = {isa = PBXFileReference; lastKnownFileType = audio.wav; path = " S.wav"; sourceTree = "<group>"; };
		7BD72F251A3B4C9900C0862B /*  T.wav */ = {isa = PBXFileReference; lastKnownFileType = audio.wav; path = " T.wav"; sourceTree = "<group>"; };
		7BD72F261A3B4C9900C0862B /*  U.wav */ = {isa = PBXFileReference; lastKnownFileType = audio.wav; path = " U.wav"; sourceTree = "<group>"; };
		7BD72F271A3B4C9900C0862B /*  V.wav */ = {isa = PBXFileReference; lastKnownFileType = audio.wav; path = " V.wav"; sourceTree = "<group>"; };
		7BD72F281A3B4C9900C0862B /*  W.wav */ = {isa = PBXFileReference; lastKnownFileType = audio.wav; path = " W.wav"; sourceTree = "<group>"; };
		7BD72F291A3B4C9900C0862B /*  X.wav */ = {isa = PBXFileReference; lastKnownFileType = audio.wav; path = " X.wav"; sourceTree = "<group>"; };
		7BD72F2A1A3B4C9900C0862B /* keyboardButton.png */ = {isa = PBXFileReference; lastKnownFileType = image.png; path = keyboardButton.png; sourceTree = "<group>"; };
		7BD72F2B1A3B4C9900C0862B /* keyboardButtonSelected.png */ = {isa = PBXFileReference; lastKnownFileType = image.png; path = keyboardButtonSelected.png; sourceTree = "<group>"; };
		7BD72F2C1A3B4C9900C0862B /* fish.png */ = {isa = PBXFileReference; lastKnownFileType = image.png; path = fish.png; sourceTree = "<group>"; };
		7BD72F2D1A3B4C9900C0862B /* background.jpg */ = {isa = PBXFileReference; lastKnownFileType = image.jpeg; path = background.jpg; sourceTree = "<group>"; };
		7BD72F2E1A3B4C9900C0862B /* CloseNormal.png */ = {isa = PBXFileReference; lastKnownFileType = image.png; path = CloseNormal.png; sourceTree = "<group>"; };
		7BD72F2F1A3B4C9900C0862B /* CloseSelected.png */ = {isa = PBXFileReference; lastKnownFileType = image.png; path = CloseSelected.png; sourceTree = "<group>"; };
		7BD72F311A3B4C9900C0862B /* Marker Felt.ttf */ = {isa = PBXFileReference; lastKnownFileType = file; path = "Marker Felt.ttf"; sourceTree = "<group>"; };
		7BD72F321A3B4C9900C0862B /* HelloWorld.png */ = {isa = PBXFileReference; lastKnownFileType = image.png; path = HelloWorld.png; sourceTree = "<group>"; };
		7BD72F341A3B4C9900C0862B /* .gitkeep */ = {isa = PBXFileReference; fileEncoding = 4; lastKnownFileType = text; path = .gitkeep; sourceTree = "<group>"; };
		7BD72FA51A3BD53400C0862B /* Nobox.png */ = {isa = PBXFileReference; lastKnownFileType = image.png; path = Nobox.png; sourceTree = "<group>"; };
		7BD7859B1A31590E0070728E /* MyHelloScene.cpp */ = {isa = PBXFileReference; fileEncoding = 4; lastKnownFileType = sourcecode.cpp.cpp; path = MyHelloScene.cpp; sourceTree = "<group>"; };
		7BD7859C1A31590E0070728E /* MyHelloScene.h */ = {isa = PBXFileReference; fileEncoding = 4; lastKnownFileType = sourcecode.c.h; path = MyHelloScene.h; sourceTree = "<group>"; };
		BF170DB012928DE900B8313A /* OpenGLES.framework */ = {isa = PBXFileReference; lastKnownFileType = wrapper.framework; name = OpenGLES.framework; path = System/Library/Frameworks/OpenGLES.framework; sourceTree = SDKROOT; };
		BF170DB412928DE900B8313A /* libz.dylib */ = {isa = PBXFileReference; lastKnownFileType = "compiled.mach-o.dylib"; name = libz.dylib; path = usr/lib/libz.dylib; sourceTree = SDKROOT; };
		BF1C47EA1293683800B63C5D /* QuartzCore.framework */ = {isa = PBXFileReference; lastKnownFileType = wrapper.framework; name = QuartzCore.framework; path = System/Library/Frameworks/QuartzCore.framework; sourceTree = SDKROOT; };
		D44C620B132DFF330009C878 /* OpenAL.framework */ = {isa = PBXFileReference; lastKnownFileType = wrapper.framework; name = OpenAL.framework; path = System/Library/Frameworks/OpenAL.framework; sourceTree = SDKROOT; };
		D44C620D132DFF430009C878 /* AVFoundation.framework */ = {isa = PBXFileReference; lastKnownFileType = wrapper.framework; name = AVFoundation.framework; path = System/Library/Frameworks/AVFoundation.framework; sourceTree = SDKROOT; };
		D44C620F132DFF4E0009C878 /* AudioToolbox.framework */ = {isa = PBXFileReference; lastKnownFileType = wrapper.framework; name = AudioToolbox.framework; path = System/Library/Frameworks/AudioToolbox.framework; sourceTree = SDKROOT; };
		D6B0611A1803AB670077942B /* CoreMotion.framework */ = {isa = PBXFileReference; lastKnownFileType = wrapper.framework; name = CoreMotion.framework; path = Platforms/iPhoneOS.platform/Developer/SDKs/iPhoneOS7.0.sdk/System/Library/Frameworks/CoreMotion.framework; sourceTree = DEVELOPER_DIR; };
/* End PBXFileReference section */

/* Begin PBXFrameworksBuildPhase section */
		1D60588F0D05DD3D006BFB54 /* Frameworks */ = {
			isa = PBXFrameworksBuildPhase;
			buildActionMask = 2147483647;
			files = (
				1AC6FB30180E99EB004C840B /* libcocos2d iOS.a in Frameworks */,
				D6B0611B1803AB670077942B /* CoreMotion.framework in Frameworks */,
				1D60589F0D05DD5A006BFB54 /* Foundation.framework in Frameworks */,
				1DF5F4E00D08C38300B7A737 /* UIKit.framework in Frameworks */,
				288765A50DF7441C002DB57D /* CoreGraphics.framework in Frameworks */,
				BF171245129291EC00B8313A /* OpenGLES.framework in Frameworks */,
				BF1712471292920000B8313A /* libz.dylib in Frameworks */,
				BF1C47F01293687400B63C5D /* QuartzCore.framework in Frameworks */,
				D44C620C132DFF330009C878 /* OpenAL.framework in Frameworks */,
				D44C620E132DFF430009C878 /* AVFoundation.framework in Frameworks */,
				D44C6210132DFF4E0009C878 /* AudioToolbox.framework in Frameworks */,
			);
			runOnlyForDeploymentPostprocessing = 0;
		};
		5087E75C17EB910900C73F5D /* Frameworks */ = {
			isa = PBXFrameworksBuildPhase;
			buildActionMask = 2147483647;
			files = (
				1AC6FB21180E996B004C840B /* libcocos2d Mac.a in Frameworks */,
				503AE11217EB99EE00D1A890 /* libcurl.dylib in Frameworks */,
				5087E76717EB910900C73F5D /* libz.dylib in Frameworks */,
				503AE11B17EB9C5A00D1A890 /* IOKit.framework in Frameworks */,
				5087E78B17EB975400C73F5D /* OpenGL.framework in Frameworks */,
				5087E78917EB974C00C73F5D /* AppKit.framework in Frameworks */,
				5087E76317EB910900C73F5D /* Foundation.framework in Frameworks */,
				5087E76817EB910900C73F5D /* QuartzCore.framework in Frameworks */,
				5087E76917EB910900C73F5D /* OpenAL.framework in Frameworks */,
				5087E76A17EB910900C73F5D /* AVFoundation.framework in Frameworks */,
				5087E76B17EB910900C73F5D /* AudioToolbox.framework in Frameworks */,
			);
			runOnlyForDeploymentPostprocessing = 0;
		};
/* End PBXFrameworksBuildPhase section */

/* Begin PBXGroup section */
		080E96DDFE201D6D7F000001 /* ios */ = {
			isa = PBXGroup;
			children = (
				5087E77117EB970100C73F5D /* Icons */,
				503AE0FA17EB989F00D1A890 /* AppController.h */,
				503AE0FB17EB989F00D1A890 /* AppController.mm */,
				503AE0FC17EB989F00D1A890 /* main.m */,
				503AE0FD17EB989F00D1A890 /* Prefix.pch */,
				503AE0FE17EB989F00D1A890 /* RootViewController.h */,
				503AE0FF17EB989F00D1A890 /* RootViewController.mm */,
			);
			name = ios;
			path = Classes;
			sourceTree = "<group>";
		};
		19C28FACFE9D520D11CA2CBB /* Products */ = {
			isa = PBXGroup;
			children = (
				1D6058910D05DD3D006BFB54 /* tetris iOS.app */,
				5087E76F17EB910900C73F5D /* tetris Mac.app */,
			);
			name = Products;
			sourceTree = "<group>";
		};
		1AC6FAE6180E9839004C840B /* Products */ = {
			isa = PBXGroup;
			children = (
				1AC6FAF9180E9839004C840B /* libcocos2d Mac.a */,
				1AC6FB07180E9839004C840B /* libcocos2d iOS.a */,
			);
			name = Products;
			sourceTree = "<group>";
		};
		29B97314FDCFA39411CA2CEA /* CustomTemplate */ = {
			isa = PBXGroup;
			children = (
				46880B8319C43A87006E1F66 /* Classes */,
				46880B7519C43A67006E1F66 /* Resources */,
				1AC6FAE5180E9839004C840B /* cocos2d_libs.xcodeproj */,
				29B97323FDCFA39411CA2CEA /* Frameworks */,
				080E96DDFE201D6D7F000001 /* ios */,
				503AE10617EB990700D1A890 /* mac */,
				19C28FACFE9D520D11CA2CBB /* Products */,
			);
			name = CustomTemplate;
			sourceTree = "<group>";
		};
		29B97323FDCFA39411CA2CEA /* Frameworks */ = {
			isa = PBXGroup;
			children = (
				D6B0611A1803AB670077942B /* CoreMotion.framework */,
				503AE11A17EB9C5A00D1A890 /* IOKit.framework */,
				503AE11117EB99EE00D1A890 /* libcurl.dylib */,
				5087E78A17EB975400C73F5D /* OpenGL.framework */,
				5087E78817EB974C00C73F5D /* AppKit.framework */,
				1ACB3243164770DE00914215 /* libcurl.a */,
				BF170DB412928DE900B8313A /* libz.dylib */,
				D44C620F132DFF4E0009C878 /* AudioToolbox.framework */,
				D44C620D132DFF430009C878 /* AVFoundation.framework */,
				288765A40DF7441C002DB57D /* CoreGraphics.framework */,
				1D30AB110D05D00D00671497 /* Foundation.framework */,
				D44C620B132DFF330009C878 /* OpenAL.framework */,
				BF170DB012928DE900B8313A /* OpenGLES.framework */,
				BF1C47EA1293683800B63C5D /* QuartzCore.framework */,
				1DF5F4DF0D08C38300B7A737 /* UIKit.framework */,
			);
			name = Frameworks;
			sourceTree = "<group>";
		};
		46880B7519C43A67006E1F66 /* Resources */ = {
			isa = PBXGroup;
			children = (
				7B26C2B21A5D7316002872CD /* down_Button.png */,
				7B26C2B31A5D7316002872CD /* left_Button.png */,
				7B26C2B41A5D7316002872CD /* right_Button.png */,
				7B26C2B51A5D7316002872CD /* up_Button.png */,
				7BD72EFA1A3B4C9900C0862B /* background.png */,
				7BD72EFB1A3B4C9900C0862B /* Coloredbox */,
				7BD72F041A3B4C9900C0862B /* Tetris.png */,
				7BD72F051A3B4C9900C0862B /* audio-resources */,
				7BD72F2A1A3B4C9900C0862B /* keyboardButton.png */,
				7BD72F2B1A3B4C9900C0862B /* keyboardButtonSelected.png */,
				7BD72F2C1A3B4C9900C0862B /* fish.png */,
				7BD72F2D1A3B4C9900C0862B /* background.jpg */,
				7BD72F2E1A3B4C9900C0862B /* CloseNormal.png */,
				7BD72F2F1A3B4C9900C0862B /* CloseSelected.png */,
				7BD72F301A3B4C9900C0862B /* fonts */,
				7BD72F321A3B4C9900C0862B /* HelloWorld.png */,
				7BD72F331A3B4C9900C0862B /* res */,
			);
			name = Resources;
			path = ../Resources;
			sourceTree = "<group>";
		};
		46880B8319C43A87006E1F66 /* Classes */ = {
			isa = PBXGroup;
			children = (
				7B3F6F811A4B095100190D2E /* RandomNumberGenerator.h */,
				7B3F6F691A4B091800190D2E /* CollisionLayer.cpp */,
				7B3F6F6A1A4B091800190D2E /* CollisionLayer.h */,
				7B3F6F6B1A4B091800190D2E /* ColorLayer.cpp */,
				7B3F6F6C1A4B091800190D2E /* ColorLayer.h */,
				7B3F6F6D1A4B091800190D2E /* TetrisData.cpp */,
				7B3F6F6E1A4B091800190D2E /* TetrisData.h */,
				7B3F6F6F1A4B091800190D2E /* TetrisField.cpp */,
				7B3F6F701A4B091800190D2E /* TetrisField.h */,
				7B3F6F711A4B091800190D2E /* TetrisPiece.cpp */,
				7B3F6F721A4B091800190D2E /* TetrisPiece.h */,
				7B3F6F731A4B091800190D2E /* Timer.cpp */,
				7B3F6F741A4B091800190D2E /* Timer.h */,
				46880B8419C43A87006E1F66 /* AppDelegate.cpp */,
				46880B8519C43A87006E1F66 /* AppDelegate.h */,
				7BD7859B1A31590E0070728E /* MyHelloScene.cpp */,
				7BD7859C1A31590E0070728E /* MyHelloScene.h */,
				7BD72EE91A387C2600C0862B /* DrawMap.cpp */,
				7BD72EEA1A387C2600C0862B /* DrawMap.h */,
			);
			name = Classes;
			path = ../Classes;
			sourceTree = "<group>";
		};
		503AE0F517EB97AB00D1A890 /* Icons */ = {
			isa = PBXGroup;
			children = (
				503AE0F617EB97AB00D1A890 /* Icon.icns */,
				503AE0F717EB97AB00D1A890 /* Info.plist */,
			);
			name = Icons;
			path = mac;
			sourceTree = SOURCE_ROOT;
		};
		503AE10617EB990700D1A890 /* mac */ = {
			isa = PBXGroup;
			children = (
				503AE0F517EB97AB00D1A890 /* Icons */,
				503AE10317EB98FF00D1A890 /* main.cpp */,
				503AE10417EB98FF00D1A890 /* Prefix.pch */,
			);
			name = mac;
			sourceTree = "<group>";
		};
		5087E77117EB970100C73F5D /* Icons */ = {
			isa = PBXGroup;
			children = (
				521A8E6219F0C34300D177D7 /* Default-667h@2x.png */,
				521A8E6319F0C34300D177D7 /* Default-736h@3x.png */,
				5087E77217EB970100C73F5D /* Default-568h@2x.png */,
				5087E77317EB970100C73F5D /* Default.png */,
				5087E77417EB970100C73F5D /* Default@2x.png */,
				50EF62A017ECD613001EB2F8 /* Icon-29.png */,
				50EF62A117ECD613001EB2F8 /* Icon-50.png */,
				50EF629217ECD46A001EB2F8 /* Icon-40.png */,
				50EF629317ECD46A001EB2F8 /* Icon-58.png */,
				50EF629417ECD46A001EB2F8 /* Icon-80.png */,
				50EF629517ECD46A001EB2F8 /* Icon-100.png */,
				5087E77517EB970100C73F5D /* Icon-114.png */,
				5087E77617EB970100C73F5D /* Icon-120.png */,
				5087E77717EB970100C73F5D /* Icon-144.png */,
				5087E77817EB970100C73F5D /* Icon-152.png */,
				5087E77917EB970100C73F5D /* Icon-57.png */,
				5087E77A17EB970100C73F5D /* Icon-72.png */,
				5087E77B17EB970100C73F5D /* Icon-76.png */,
				5087E77C17EB970100C73F5D /* Info.plist */,
			);
			name = Icons;
			path = ios;
			sourceTree = SOURCE_ROOT;
		};
		7BD72EFB1A3B4C9900C0862B /* Coloredbox */ = {
			isa = PBXGroup;
			children = (
				7BBB9BED1A49D6D30097CFEB /* Bluebox_1.png */,
				7BBB9BE91A49D0C00097CFEB /* coloredbox1.png */,
				7BD72FA51A3BD53400C0862B /* Nobox.png */,
				7BD72EFC1A3B4C9900C0862B /* background.png */,
				7BD72EFD1A3B4C9900C0862B /* Bluebox.png */,
				7BD72EFE1A3B4C9900C0862B /* Graybox.png */,
				7BD72EFF1A3B4C9900C0862B /* Orangebox.png */,
				7BD72F001A3B4C9900C0862B /* Purplebox.png */,
				7BD72F011A3B4C9900C0862B /* Redbox.png */,
				7BD72F021A3B4C9900C0862B /* Skybluebox.png */,
				7BD72F031A3B4C9900C0862B /* Yellowbox.png */,
			);
			path = Coloredbox;
			sourceTree = "<group>";
		};
		7BD72F051A3B4C9900C0862B /* audio-resources */ = {
			isa = PBXGroup;
			children = (
				7BD72F061A3B4C9900C0862B /*  A.wav */,
				7BD72F071A3B4C9900C0862B /*  a1.wav */,
				7BD72F081A3B4C9900C0862B /*  B.wav */,
				7BD72F091A3B4C9900C0862B /*  b1.wav */,
				7BD72F0A1A3B4C9900C0862B /*  C.wav */,
				7BD72F0B1A3B4C9900C0862B /*  c1.wav */,
				7BD72F0C1A3B4C9900C0862B /*  D.wav */,
				7BD72F0D1A3B4C9900C0862B /*  d1.wav */,
				7BD72F0E1A3B4C9900C0862B /*  E.wav */,
				7BD72F0F1A3B4C9900C0862B /*  e1.wav */,
				7BD72F101A3B4C9900C0862B /*  F.wav */,
				7BD72F111A3B4C9900C0862B /*  f1.wav */,
				7BD72F121A3B4C9900C0862B /*  G.wav */,
				7BD72F131A3B4C9900C0862B /*  g1.wav */,
				7BD72F141A3B4C9900C0862B /*  H.wav */,
				7BD72F151A3B4C9900C0862B /*  h1.wav */,
				7BD72F161A3B4C9900C0862B /*  I.wav */,
				7BD72F171A3B4C9900C0862B /*  i1.wav */,
				7BD72F181A3B4C9900C0862B /*  J.wav */,
				7BD72F191A3B4C9900C0862B /*  j1.wav */,
				7BD72F1A1A3B4C9900C0862B /*  K.wav */,
				7BD72F1B1A3B4C9900C0862B /*  k1.wav */,
				7BD72F1C1A3B4C9900C0862B /*  L.wav */,
				7BD72F1D1A3B4C9900C0862B /*  l1.wav */,
				7BD72F1E1A3B4C9900C0862B /*  M.wav */,
				7BD72F1F1A3B4C9900C0862B /*  N.wav */,
				7BD72F201A3B4C9900C0862B /*  O.wav */,
				7BD72F211A3B4C9900C0862B /*  P.wav */,
				7BD72F221A3B4C9900C0862B /*  Q.wav */,
				7BD72F231A3B4C9900C0862B /*  R.wav */,
				7BD72F241A3B4C9900C0862B /*  S.wav */,
				7BD72F251A3B4C9900C0862B /*  T.wav */,
				7BD72F261A3B4C9900C0862B /*  U.wav */,
				7BD72F271A3B4C9900C0862B /*  V.wav */,
				7BD72F281A3B4C9900C0862B /*  W.wav */,
				7BD72F291A3B4C9900C0862B /*  X.wav */,
			);
			path = "audio-resources";
			sourceTree = "<group>";
		};
		7BD72F301A3B4C9900C0862B /* fonts */ = {
			isa = PBXGroup;
			children = (
				7BD72F311A3B4C9900C0862B /* Marker Felt.ttf */,
			);
			path = fonts;
			sourceTree = "<group>";
		};
		7BD72F331A3B4C9900C0862B /* res */ = {
			isa = PBXGroup;
			children = (
				7BD72F341A3B4C9900C0862B /* .gitkeep */,
			);
			path = res;
			sourceTree = "<group>";
		};
/* End PBXGroup section */

/* Begin PBXNativeTarget section */
		1D6058900D05DD3D006BFB54 /* tetris iOS */ = {
			isa = PBXNativeTarget;
			buildConfigurationList = 1D6058960D05DD3E006BFB54 /* Build configuration list for PBXNativeTarget "tetris iOS" */;
			buildPhases = (
				1D60588D0D05DD3D006BFB54 /* Resources */,
				1D60588E0D05DD3D006BFB54 /* Sources */,
				1D60588F0D05DD3D006BFB54 /* Frameworks */,
			);
			buildRules = (
			);
			dependencies = (
				1AC6FB25180E99E1004C840B /* PBXTargetDependency */,
			);
			name = "tetris iOS";
			productName = iphone;
			productReference = 1D6058910D05DD3D006BFB54 /* tetris iOS.app */;
			productType = "com.apple.product-type.application";
		};
		5087E73D17EB910900C73F5D /* tetris Mac */ = {
			isa = PBXNativeTarget;
			buildConfigurationList = 5087E76C17EB910900C73F5D /* Build configuration list for PBXNativeTarget "tetris Mac" */;
			buildPhases = (
				5087E74817EB910900C73F5D /* Resources */,
				5087E75617EB910900C73F5D /* Sources */,
				5087E75C17EB910900C73F5D /* Frameworks */,
			);
			buildRules = (
			);
			dependencies = (
				1AC6FB16180E9959004C840B /* PBXTargetDependency */,
			);
			name = "tetris Mac";
			productName = iphone;
			productReference = 5087E76F17EB910900C73F5D /* tetris Mac.app */;
			productType = "com.apple.product-type.application";
		};
/* End PBXNativeTarget section */

/* Begin PBXProject section */
		29B97313FDCFA39411CA2CEA /* Project object */ = {
			isa = PBXProject;
			attributes = {
				LastUpgradeCheck = 0500;
				TargetAttributes = {
					1D6058900D05DD3D006BFB54 = {
						DevelopmentTeam = MDDB52YB8L;
					};
				};
			};
			buildConfigurationList = C01FCF4E08A954540054247B /* Build configuration list for PBXProject "tetris" */;
			compatibilityVersion = "Xcode 3.2";
			developmentRegion = English;
			hasScannedForEncodings = 1;
			knownRegions = (
				English,
				Japanese,
				French,
				German,
			);
			mainGroup = 29B97314FDCFA39411CA2CEA /* CustomTemplate */;
			projectDirPath = "";
			projectReferences = (
				{
					ProductGroup = 1AC6FAE6180E9839004C840B /* Products */;
					ProjectRef = 1AC6FAE5180E9839004C840B /* cocos2d_libs.xcodeproj */;
				},
			);
			projectRoot = "";
			targets = (
				1D6058900D05DD3D006BFB54 /* tetris iOS */,
				5087E73D17EB910900C73F5D /* tetris Mac */,
			);
		};
/* End PBXProject section */

/* Begin PBXReferenceProxy section */
		1AC6FAF9180E9839004C840B /* libcocos2d Mac.a */ = {
			isa = PBXReferenceProxy;
			fileType = archive.ar;
			path = "libcocos2d Mac.a";
			remoteRef = 1AC6FAF8180E9839004C840B /* PBXContainerItemProxy */;
			sourceTree = BUILT_PRODUCTS_DIR;
		};
		1AC6FB07180E9839004C840B /* libcocos2d iOS.a */ = {
			isa = PBXReferenceProxy;
			fileType = archive.ar;
			path = "libcocos2d iOS.a";
			remoteRef = 1AC6FB06180E9839004C840B /* PBXContainerItemProxy */;
			sourceTree = BUILT_PRODUCTS_DIR;
		};
/* End PBXReferenceProxy section */

/* Begin PBXResourcesBuildPhase section */
		1D60588D0D05DD3D006BFB54 /* Resources */ = {
			isa = PBXResourcesBuildPhase;
			buildActionMask = 2147483647;
			files = (
				7B26C2B61A5D7316002872CD /* down_Button.png in Resources */,
				7BD72F691A3B4C9900C0862B /*  I.wav in Resources */,
				7BD72F851A3B4C9900C0862B /*  S.wav in Resources */,
				7BD72F5D1A3B4C9900C0862B /*  F.wav in Resources */,
				7BD72F571A3B4C9900C0862B /*  d1.wav in Resources */,
				7BD72F951A3B4C9900C0862B /* fish.png in Resources */,
				7B26C2B71A5D7316002872CD /* left_Button.png in Resources */,
				7BD72F8D1A3B4C9900C0862B /*  W.wav in Resources */,
				7BD72F751A3B4C9900C0862B /*  L.wav in Resources */,
				5087E78117EB970100C73F5D /* Icon-120.png in Resources */,
				7BD72F3F1A3B4C9900C0862B /* Purplebox.png in Resources */,
				7BD72F371A3B4C9900C0862B /* background.png in Resources */,
				7BD72F991A3B4C9900C0862B /* CloseNormal.png in Resources */,
				7BBB9BEA1A49D0C00097CFEB /* coloredbox1.png in Resources */,
				7BD72F4B1A3B4C9900C0862B /*  a1.wav in Resources */,
				7BD72F391A3B4C9900C0862B /* Bluebox.png in Resources */,
				7B26C2B91A5D7316002872CD /* up_Button.png in Resources */,
				7BD72F8B1A3B4C9900C0862B /*  V.wav in Resources */,
				7BD72F871A3B4C9900C0862B /*  T.wav in Resources */,
				7BD72F551A3B4C9900C0862B /*  D.wav in Resources */,
				7BD72F611A3B4C9900C0862B /*  G.wav in Resources */,
				7BD72F931A3B4C9900C0862B /* keyboardButtonSelected.png in Resources */,
				7B26C2B81A5D7316002872CD /* right_Button.png in Resources */,
				5087E78617EB970100C73F5D /* Icon-76.png in Resources */,
				7BD72F591A3B4C9900C0862B /*  E.wav in Resources */,
				5087E77F17EB970100C73F5D /* Default@2x.png in Resources */,
				7BD72F491A3B4C9900C0862B /*  A.wav in Resources */,
				50EF629917ECD46A001EB2F8 /* Icon-100.png in Resources */,
				7BD72F771A3B4C9900C0862B /*  l1.wav in Resources */,
				7BD72F531A3B4C9900C0862B /*  c1.wav in Resources */,
				7BD72F7F1A3B4C9900C0862B /*  P.wav in Resources */,
				7BD72F5B1A3B4C9900C0862B /*  e1.wav in Resources */,
				7BD72F9B1A3B4C9900C0862B /* CloseSelected.png in Resources */,
				7BBB9BEE1A49D6D30097CFEB /* Bluebox_1.png in Resources */,
				7BD72FA11A3B4C9900C0862B /* .gitkeep in Resources */,
				7BD72F831A3B4C9900C0862B /*  R.wav in Resources */,
				7BD72F911A3B4C9900C0862B /* keyboardButton.png in Resources */,
				7BD72F511A3B4C9900C0862B /*  C.wav in Resources */,
				7BD72F9D1A3B4C9900C0862B /* Marker Felt.ttf in Resources */,
				5087E78317EB970100C73F5D /* Icon-152.png in Resources */,
				7BD72F3D1A3B4C9900C0862B /* Orangebox.png in Resources */,
				7BD72F7B1A3B4C9900C0862B /*  N.wav in Resources */,
				7BD72F6D1A3B4C9900C0862B /*  J.wav in Resources */,
				7BD72F5F1A3B4C9900C0862B /*  f1.wav in Resources */,
				7BD72F431A3B4C9900C0862B /* Skybluebox.png in Resources */,
				7BD72F791A3B4C9900C0862B /*  M.wav in Resources */,
				5087E77D17EB970100C73F5D /* Default-568h@2x.png in Resources */,
				7BD72F651A3B4C9900C0862B /*  H.wav in Resources */,
				5087E78517EB970100C73F5D /* Icon-72.png in Resources */,
				7BD72F711A3B4C9900C0862B /*  K.wav in Resources */,
				7BD72F6B1A3B4C9900C0862B /*  i1.wav in Resources */,
				521A8E6519F0C34300D177D7 /* Default-736h@3x.png in Resources */,
				7BD72F3B1A3B4C9900C0862B /* Graybox.png in Resources */,
				50EF62A317ECD613001EB2F8 /* Icon-50.png in Resources */,
				7BD72F891A3B4C9900C0862B /*  U.wav in Resources */,
				7BD72F971A3B4C9900C0862B /* background.jpg in Resources */,
				7BD72F6F1A3B4C9900C0862B /*  j1.wav in Resources */,
				5087E78017EB970100C73F5D /* Icon-114.png in Resources */,
				7BD72F731A3B4C9900C0862B /*  k1.wav in Resources */,
				7BD72F631A3B4C9900C0862B /*  g1.wav in Resources */,
				7BD72F811A3B4C9900C0862B /*  Q.wav in Resources */,
				7BD72F451A3B4C9900C0862B /* Yellowbox.png in Resources */,
				7BD72F4D1A3B4C9900C0862B /*  B.wav in Resources */,
				50EF62A217ECD613001EB2F8 /* Icon-29.png in Resources */,
				7BD72F351A3B4C9900C0862B /* background.png in Resources */,
				7BD72F4F1A3B4C9900C0862B /*  b1.wav in Resources */,
				50EF629617ECD46A001EB2F8 /* Icon-40.png in Resources */,
				7BD72F471A3B4C9900C0862B /* Tetris.png in Resources */,
				5087E78217EB970100C73F5D /* Icon-144.png in Resources */,
				50EF629817ECD46A001EB2F8 /* Icon-80.png in Resources */,
				7BD72FA61A3BD53400C0862B /* Nobox.png in Resources */,
				5087E78417EB970100C73F5D /* Icon-57.png in Resources */,
				5087E77E17EB970100C73F5D /* Default.png in Resources */,
				7BD72F8F1A3B4C9900C0862B /*  X.wav in Resources */,
				7BD72F7D1A3B4C9900C0862B /*  O.wav in Resources */,
				7BD72F671A3B4C9900C0862B /*  h1.wav in Resources */,
				521A8E6419F0C34300D177D7 /* Default-667h@2x.png in Resources */,
				7BD72F9F1A3B4C9900C0862B /* HelloWorld.png in Resources */,
				7BD72F411A3B4C9900C0862B /* Redbox.png in Resources */,
				50EF629717ECD46A001EB2F8 /* Icon-58.png in Resources */,
			);
			runOnlyForDeploymentPostprocessing = 0;
		};
		5087E74817EB910900C73F5D /* Resources */ = {
			isa = PBXResourcesBuildPhase;
			buildActionMask = 2147483647;
			files = (
				7BD72F661A3B4C9900C0862B /*  H.wav in Resources */,
				7BD72F7E1A3B4C9900C0862B /*  O.wav in Resources */,
				7BD72F701A3B4C9900C0862B /*  j1.wav in Resources */,
				7BD72F5E1A3B4C9900C0862B /*  F.wav in Resources */,
				7BD72F3C1A3B4C9900C0862B /* Graybox.png in Resources */,
				7BD72F9A1A3B4C9900C0862B /* CloseNormal.png in Resources */,
				7B26C2BC1A5D77CC002872CD /* right_Button.png in Resources */,
				7BD72F8C1A3B4C9900C0862B /*  V.wav in Resources */,
				7BD72F6C1A3B4C9900C0862B /*  i1.wav in Resources */,
				7BBB9BEB1A49D0C00097CFEB /* coloredbox1.png in Resources */,
				7BBB9BEF1A49D6D30097CFEB /* Bluebox_1.png in Resources */,
				7BD72F421A3B4C9900C0862B /* Redbox.png in Resources */,
				7BD72F401A3B4C9900C0862B /* Purplebox.png in Resources */,
				7BD72F9E1A3B4C9900C0862B /* Marker Felt.ttf in Resources */,
				7BD72F7C1A3B4C9900C0862B /*  N.wav in Resources */,
				7BD72F601A3B4C9900C0862B /*  f1.wav in Resources */,
				7BD72F681A3B4C9900C0862B /*  h1.wav in Resources */,
				7BD72F741A3B4C9900C0862B /*  k1.wav in Resources */,
				503AE0F817EB97AB00D1A890 /* Icon.icns in Resources */,
				7BD72F4E1A3B4C9900C0862B /*  B.wav in Resources */,
				7BD72F901A3B4C9900C0862B /*  X.wav in Resources */,
				7BD72F521A3B4C9900C0862B /*  C.wav in Resources */,
				7BD72F581A3B4C9900C0862B /*  d1.wav in Resources */,
				7BD72F921A3B4C9900C0862B /* keyboardButton.png in Resources */,
				7BD72F721A3B4C9900C0862B /*  K.wav in Resources */,
				7BD72F6A1A3B4C9900C0862B /*  I.wav in Resources */,
				7BD72F781A3B4C9900C0862B /*  l1.wav in Resources */,
				7BD72F441A3B4C9900C0862B /* Skybluebox.png in Resources */,
				7BD72F501A3B4C9900C0862B /*  b1.wav in Resources */,
				7BD72F5C1A3B4C9900C0862B /*  e1.wav in Resources */,
				7BD72F381A3B4C9900C0862B /* background.png in Resources */,
				7BD72F861A3B4C9900C0862B /*  S.wav in Resources */,
				7BD72F761A3B4C9900C0862B /*  L.wav in Resources */,
				7BD72F541A3B4C9900C0862B /*  c1.wav in Resources */,
				7BD72F941A3B4C9900C0862B /* keyboardButtonSelected.png in Resources */,
				7BD72F7A1A3B4C9900C0862B /*  M.wav in Resources */,
				7BD72F801A3B4C9900C0862B /*  P.wav in Resources */,
				7BD72F881A3B4C9900C0862B /*  T.wav in Resources */,
				7BD72F3E1A3B4C9900C0862B /* Orangebox.png in Resources */,
				7BD72F361A3B4C9900C0862B /* background.png in Resources */,
				7BD72F6E1A3B4C9900C0862B /*  J.wav in Resources */,
				7BD72F4C1A3B4C9900C0862B /*  a1.wav in Resources */,
				7BD72F621A3B4C9900C0862B /*  G.wav in Resources */,
				7BD72F481A3B4C9900C0862B /* Tetris.png in Resources */,
				7BD72F5A1A3B4C9900C0862B /*  E.wav in Resources */,
				7BD72F561A3B4C9900C0862B /*  D.wav in Resources */,
				7B26C2BA1A5D77C7002872CD /* down_Button.png in Resources */,
				7BD72F961A3B4C9900C0862B /* fish.png in Resources */,
				7BD72F821A3B4C9900C0862B /*  Q.wav in Resources */,
				7BD72F641A3B4C9900C0862B /*  g1.wav in Resources */,
				7BD72FA71A3BD53400C0862B /* Nobox.png in Resources */,
				7BD72F3A1A3B4C9900C0862B /* Bluebox.png in Resources */,
				7BD72F981A3B4C9900C0862B /* background.jpg in Resources */,
				7BD72F461A3B4C9900C0862B /* Yellowbox.png in Resources */,
				7BD72F9C1A3B4C9900C0862B /* CloseSelected.png in Resources */,
				7BD72FA01A3B4C9900C0862B /* HelloWorld.png in Resources */,
				7BD72F841A3B4C9900C0862B /*  R.wav in Resources */,
				7BD72F4A1A3B4C9900C0862B /*  A.wav in Resources */,
				7B26C2BD1A5D77CF002872CD /* up_Button.png in Resources */,
				7BD72F8A1A3B4C9900C0862B /*  U.wav in Resources */,
				7B26C2BB1A5D77CA002872CD /* left_Button.png in Resources */,
				7BD72F8E1A3B4C9900C0862B /*  W.wav in Resources */,
				7BD72FA21A3B4C9900C0862B /* .gitkeep in Resources */,
			);
			runOnlyForDeploymentPostprocessing = 0;
		};
/* End PBXResourcesBuildPhase section */

/* Begin PBXSourcesBuildPhase section */
		1D60588E0D05DD3D006BFB54 /* Sources */ = {
			isa = PBXSourcesBuildPhase;
			buildActionMask = 2147483647;
			files = (
				7B3F6F7D1A4B091800190D2E /* TetrisPiece.cpp in Sources */,
				46880B8819C43A87006E1F66 /* AppDelegate.cpp in Sources */,
				7B3F6F791A4B091800190D2E /* TetrisData.cpp in Sources */,
				7B3F6F7F1A4B091800190D2E /* Timer.cpp in Sources */,
				7B3F6F751A4B091800190D2E /* CollisionLayer.cpp in Sources */,
				503AE10017EB989F00D1A890 /* AppController.mm in Sources */,
				7B3F6F771A4B091800190D2E /* ColorLayer.cpp in Sources */,
				7BD7859D1A31590E0070728E /* MyHelloScene.cpp in Sources */,
				7BD72EEB1A387C2600C0862B /* DrawMap.cpp in Sources */,
				503AE10217EB989F00D1A890 /* RootViewController.mm in Sources */,
				503AE10117EB989F00D1A890 /* main.m in Sources */,
				7B3F6F7B1A4B091800190D2E /* TetrisField.cpp in Sources */,
			);
			runOnlyForDeploymentPostprocessing = 0;
		};
		5087E75617EB910900C73F5D /* Sources */ = {
			isa = PBXSourcesBuildPhase;
			buildActionMask = 2147483647;
			files = (
				46880B8919C43A87006E1F66 /* AppDelegate.cpp in Sources */,
				7B3F6F7A1A4B091800190D2E /* TetrisData.cpp in Sources */,
				7B3F6F761A4B091800190D2E /* CollisionLayer.cpp in Sources */,
				7B3F6F801A4B091800190D2E /* Timer.cpp in Sources */,
				7BD72EEC1A387C2600C0862B /* DrawMap.cpp in Sources */,
				7B3F6F781A4B091800190D2E /* ColorLayer.cpp in Sources */,
				7BD7859E1A31590E0070728E /* MyHelloScene.cpp in Sources */,
				503AE10517EB98FF00D1A890 /* main.cpp in Sources */,
				7B3F6F7E1A4B091800190D2E /* TetrisPiece.cpp in Sources */,
				7B3F6F7C1A4B091800190D2E /* TetrisField.cpp in Sources */,
			);
			runOnlyForDeploymentPostprocessing = 0;
		};
/* End PBXSourcesBuildPhase section */

/* Begin PBXTargetDependency section */
		1AC6FB16180E9959004C840B /* PBXTargetDependency */ = {
			isa = PBXTargetDependency;
			name = "cocos2dx Mac";
			targetProxy = 1AC6FB15180E9959004C840B /* PBXContainerItemProxy */;
		};
		1AC6FB25180E99E1004C840B /* PBXTargetDependency */ = {
			isa = PBXTargetDependency;
			name = "cocos2dx iOS";
			targetProxy = 1AC6FB24180E99E1004C840B /* PBXContainerItemProxy */;
		};
/* End PBXTargetDependency section */

/* Begin XCBuildConfiguration section */
		1D6058940D05DD3E006BFB54 /* Debug */ = {
			isa = XCBuildConfiguration;
			buildSettings = {
				ALWAYS_SEARCH_USER_PATHS = YES;
				CODE_SIGN_IDENTITY = "iPhone Developer";
				COMPRESS_PNG_FILES = NO;
				GCC_DYNAMIC_NO_PIC = NO;
				GCC_INLINES_ARE_PRIVATE_EXTERN = NO;
				GCC_PRECOMPILE_PREFIX_HEADER = YES;
				GCC_PREFIX_HEADER = ios/Prefix.pch;
				GCC_PREPROCESSOR_DEFINITIONS = (
					USE_FILE32API,
					CC_TARGET_OS_IPHONE,
					"COCOS2D_DEBUG=1",
					"CC_ENABLE_CHIPMUNK_INTEGRATION=1",
				);
				GCC_SYMBOLS_PRIVATE_EXTERN = NO;
				HEADER_SEARCH_PATHS = (
					"$(inherited)",
					"$(SRCROOT)/../cocos2d/cocos/platform/ios",
					"$(SRCROOT)/../cocos2d/cocos/platform/ios/Simulation",
				);
				INFOPLIST_FILE = ios/Info.plist;
				IPHONEOS_DEPLOYMENT_TARGET = 5.0;
				LIBRARY_SEARCH_PATHS = "";
				SDKROOT = iphoneos;
				TARGETED_DEVICE_FAMILY = "1,2";
				USER_HEADER_SEARCH_PATHS = "";
				VALID_ARCHS = "arm64 armv7";
			};
			name = Debug;
		};
		1D6058950D05DD3E006BFB54 /* Release */ = {
			isa = XCBuildConfiguration;
			buildSettings = {
				ALWAYS_SEARCH_USER_PATHS = YES;
				CODE_SIGN_IDENTITY = "iPhone Developer";
				COMPRESS_PNG_FILES = NO;
				GCC_INLINES_ARE_PRIVATE_EXTERN = NO;
				GCC_PRECOMPILE_PREFIX_HEADER = YES;
				GCC_PREFIX_HEADER = ios/Prefix.pch;
				GCC_PREPROCESSOR_DEFINITIONS = (
					USE_FILE32API,
					CC_TARGET_OS_IPHONE,
					"CC_ENABLE_CHIPMUNK_INTEGRATION=1",
				);
				GCC_SYMBOLS_PRIVATE_EXTERN = NO;
				HEADER_SEARCH_PATHS = (
					"$(inherited)",
					"$(SRCROOT)/../cocos2d/cocos/platform/ios",
					"$(SRCROOT)/../cocos2d/cocos/platform/ios/Simulation",
				);
				INFOPLIST_FILE = ios/Info.plist;
				IPHONEOS_DEPLOYMENT_TARGET = 5.0;
				LIBRARY_SEARCH_PATHS = "";
				SDKROOT = iphoneos;
				TARGETED_DEVICE_FAMILY = "1,2";
				USER_HEADER_SEARCH_PATHS = "";
				VALID_ARCHS = "arm64 armv7";
			};
			name = Release;
		};
		5087E76D17EB910900C73F5D /* Debug */ = {
			isa = XCBuildConfiguration;
			buildSettings = {
				ALWAYS_SEARCH_USER_PATHS = YES;
				ARCHS = "$(ARCHS_STANDARD_64_BIT)";
				CLANG_CXX_LANGUAGE_STANDARD = "c++0x";
				CLANG_CXX_LIBRARY = "libc++";
				GCC_DYNAMIC_NO_PIC = NO;
				GCC_INLINES_ARE_PRIVATE_EXTERN = NO;
				GCC_PRECOMPILE_PREFIX_HEADER = YES;
				GCC_PREFIX_HEADER = mac/Prefix.pch;
				GCC_PREPROCESSOR_DEFINITIONS = (
					USE_FILE32API,
					CC_TARGET_OS_MAC,
					"COCOS2D_DEBUG=1",
					"CC_ENABLE_CHIPMUNK_INTEGRATION=1",
				);
				GCC_SYMBOLS_PRIVATE_EXTERN = NO;
				HEADER_SEARCH_PATHS = (
					"$(inherited)",
					"$(SRCROOT)/../cocos2d/cocos/platform/mac",
					"$(SRCROOT)/../cocos2d/external/glfw3/include/mac",
				);
				INFOPLIST_FILE = mac/Info.plist;
				LIBRARY_SEARCH_PATHS = "";
				USER_HEADER_SEARCH_PATHS = "";
			};
			name = Debug;
		};
		5087E76E17EB910900C73F5D /* Release */ = {
			isa = XCBuildConfiguration;
			buildSettings = {
				ALWAYS_SEARCH_USER_PATHS = YES;
				ARCHS = "$(ARCHS_STANDARD_64_BIT)";
				CLANG_CXX_LANGUAGE_STANDARD = "c++0x";
				CLANG_CXX_LIBRARY = "libc++";
				GCC_INLINES_ARE_PRIVATE_EXTERN = NO;
				GCC_PRECOMPILE_PREFIX_HEADER = YES;
				GCC_PREFIX_HEADER = mac/Prefix.pch;
				GCC_PREPROCESSOR_DEFINITIONS = (
					USE_FILE32API,
					CC_TARGET_OS_MAC,
					"CC_ENABLE_CHIPMUNK_INTEGRATION=1",
				);
				GCC_SYMBOLS_PRIVATE_EXTERN = NO;
				HEADER_SEARCH_PATHS = (
					"$(inherited)",
					"$(SRCROOT)/../cocos2d/cocos/platform/mac",
					"$(SRCROOT)/../cocos2d/external/glfw3/include/mac",
				);
				INFOPLIST_FILE = mac/Info.plist;
				LIBRARY_SEARCH_PATHS = "";
				USER_HEADER_SEARCH_PATHS = "";
			};
			name = Release;
		};
		C01FCF4F08A954540054247B /* Debug */ = {
			isa = XCBuildConfiguration;
			buildSettings = {
				CLANG_CXX_LANGUAGE_STANDARD = "c++0x";
				CLANG_CXX_LIBRARY = "libc++";
				COPY_PHASE_STRIP = NO;
				GCC_OPTIMIZATION_LEVEL = 0;
				GCC_WARN_ABOUT_RETURN_TYPE = YES;
				GCC_WARN_UNUSED_VARIABLE = YES;
				HEADER_SEARCH_PATHS = (
					"$(SRCROOT)/../cocos2d",
					"$(SRCROOT)/../cocos2d/cocos",
					"$(SRCROOT)/../cocos2d/cocos/base",
					"$(SRCROOT)/../cocos2d/cocos/physics",
					"$(SRCROOT)/../cocos2d/cocos/math",
					"$(SRCROOT)/../cocos2d/cocos/2d",
					"$(SRCROOT)/../cocos2d/cocos/ui",
					"$(SRCROOT)/../cocos2d/cocos/network",
					"$(SRCROOT)/../cocos2d/cocos/audio/include",
					"$(SRCROOT)/../cocos2d/cocos/editor-support",
					"$(SRCROOT)/../cocos2d/extensions",
					"$(SRCROOT)/../cocos2d/external",
					"$(SRCROOT)/../cocos2d/external/chipmunk/include/chipmunk",
				);
				MACOSX_DEPLOYMENT_TARGET = 10.7;
				ONLY_ACTIVE_ARCH = YES;
				PRODUCT_NAME = "$(TARGET_NAME)";
				SDKROOT = macosx;
			};
			name = Debug;
		};
		C01FCF5008A954540054247B /* Release */ = {
			isa = XCBuildConfiguration;
			buildSettings = {
				CLANG_CXX_LANGUAGE_STANDARD = "c++0x";
				CLANG_CXX_LIBRARY = "libc++";
				GCC_WARN_ABOUT_RETURN_TYPE = YES;
				GCC_WARN_UNUSED_VARIABLE = YES;
				HEADER_SEARCH_PATHS = (
					"$(SRCROOT)/../cocos2d",
					"$(SRCROOT)/../cocos2d/cocos",
					"$(SRCROOT)/../cocos2d/cocos/base",
					"$(SRCROOT)/../cocos2d/cocos/physics",
					"$(SRCROOT)/../cocos2d/cocos/math",
					"$(SRCROOT)/../cocos2d/cocos/2d",
					"$(SRCROOT)/../cocos2d/cocos/ui",
					"$(SRCROOT)/../cocos2d/cocos/network",
					"$(SRCROOT)/../cocos2d/cocos/audio/include",
					"$(SRCROOT)/../cocos2d/cocos/editor-support",
					"$(SRCROOT)/../cocos2d/extensions",
					"$(SRCROOT)/../cocos2d/external",
					"$(SRCROOT)/../cocos2d/external/chipmunk/include/chipmunk",
				);
				MACOSX_DEPLOYMENT_TARGET = 10.7;
				OTHER_CFLAGS = "-DNS_BLOCK_ASSERTIONS=1";
				PRODUCT_NAME = "$(TARGET_NAME)";
				SDKROOT = macosx;
				VALIDATE_PRODUCT = YES;
			};
			name = Release;
		};
/* End XCBuildConfiguration section */

/* Begin XCConfigurationList section */
		1D6058960D05DD3E006BFB54 /* Build configuration list for PBXNativeTarget "tetris iOS" */ = {
			isa = XCConfigurationList;
			buildConfigurations = (
				1D6058940D05DD3E006BFB54 /* Debug */,
				1D6058950D05DD3E006BFB54 /* Release */,
			);
			defaultConfigurationIsVisible = 0;
			defaultConfigurationName = Debug;
		};
		5087E76C17EB910900C73F5D /* Build configuration list for PBXNativeTarget "tetris Mac" */ = {
			isa = XCConfigurationList;
			buildConfigurations = (
				5087E76D17EB910900C73F5D /* Debug */,
				5087E76E17EB910900C73F5D /* Release */,
			);
			defaultConfigurationIsVisible = 0;
			defaultConfigurationName = Debug;
		};
		C01FCF4E08A954540054247B /* Build configuration list for PBXProject "tetris" */ = {
			isa = XCConfigurationList;
			buildConfigurations = (
				C01FCF4F08A954540054247B /* Debug */,
				C01FCF5008A954540054247B /* Release */,
			);
			defaultConfigurationIsVisible = 0;
			defaultConfigurationName = Debug;
		};
/* End XCConfigurationList section */
	};
	rootObject = 29B97313FDCFA39411CA2CEA /* Project object */;
}
